// !$*UTF8*$!
{
	archiveVersion = 1;
	classes = {
	};
	objectVersion = 56;
	objects = {

/* Begin PBXBuildFile section */
		ED08512F2AB9C7A4007E123B /* Organizing with Grids.swiftpm in Resources */ = {isa = PBXBuildFile; fileRef = ED08512B2AB9C7A4007E123B /* Organizing with Grids.swiftpm */; };
		ED0851302AB9C7A4007E123B /* Image Gallery.swiftpm in Resources */ = {isa = PBXBuildFile; fileRef = ED08512C2AB9C7A4007E123B /* Image Gallery.swiftpm */; };
		ED0851312AB9C7A4007E123B /* Editing Grids.swiftpm in Resources */ = {isa = PBXBuildFile; fileRef = ED08512D2AB9C7A4007E123B /* Editing Grids.swiftpm */; };
		ED0851322AB9C7A4007E123B /* Laying Out Views.swiftpm in Resources */ = {isa = PBXBuildFile; fileRef = ED08512E2AB9C7A4007E123B /* Laying Out Views.swiftpm */; };
		ED0851362AB9C7B4007E123B /* About Me.swiftpm in Resources */ = {isa = PBXBuildFile; fileRef = ED0851332AB9C7B4007E123B /* About Me.swiftpm */; };
		ED0851372AB9C7B4007E123B /* Choose Your Own Story.swiftpm in Resources */ = {isa = PBXBuildFile; fileRef = ED0851342AB9C7B4007E123B /* Choose Your Own Story.swiftpm */; };
		ED0851382AB9C7B4007E123B /* Date Planner.swiftpm in Resources */ = {isa = PBXBuildFile; fileRef = ED0851352AB9C7B4007E123B /* Date Planner.swiftpm */; };
		ED08513A2AB9C7D7007E123B /* Meme Creator.swiftpm in Resources */ = {isa = PBXBuildFile; fileRef = ED0851392AB9C7D7007E123B /* Meme Creator.swiftpm */; };
		ED08513F2AB9CBE1007E123B /* MemeCreatorContentView.swift in Sources */ = {isa = PBXBuildFile; fileRef = ED08513E2AB9CBE1007E123B /* MemeCreatorContentView.swift */; };
		ED0851432AB9CCDC007E123B /* MMPandaCollectionFetcher.swift in Sources */ = {isa = PBXBuildFile; fileRef = ED0851422AB9CCDC007E123B /* MMPandaCollectionFetcher.swift */; };
		ED0851452AB9CE0A007E123B /* MMPanda.swift in Sources */ = {isa = PBXBuildFile; fileRef = ED0851442AB9CE0A007E123B /* MMPanda.swift */; };
		ED0851472AB9CFA0007E123B /* MMLoadableImageView.swift in Sources */ = {isa = PBXBuildFile; fileRef = ED0851462AB9CFA0007E123B /* MMLoadableImageView.swift */; };
		ED0851492AB9D213007E123B /* MMMemeCreatorView.swift in Sources */ = {isa = PBXBuildFile; fileRef = ED0851482AB9D213007E123B /* MMMemeCreatorView.swift */; };
		ED2F5F2A2AB46D560001BDBA /* IGDataModel.swift in Sources */ = {isa = PBXBuildFile; fileRef = ED2F5F292AB46D560001BDBA /* IGDataModel.swift */; };
		ED2F5F2C2AB5874A0001BDBA /* IGItem.swift in Sources */ = {isa = PBXBuildFile; fileRef = ED2F5F2B2AB5874A0001BDBA /* IGItem.swift */; };
		ED2F5F2F2AB590D30001BDBA /* FileManagerExtension.swift in Sources */ = {isa = PBXBuildFile; fileRef = ED2F5F2E2AB590D30001BDBA /* FileManagerExtension.swift */; };
		ED2F5F312AB5CC4F0001BDBA /* IGGridItemView.swift in Sources */ = {isa = PBXBuildFile; fileRef = ED2F5F302AB5CC4F0001BDBA /* IGGridItemView.swift */; };
		ED2F5F492AB5CEEC0001BDBA /* groundSquirrel.jpg in Resources */ = {isa = PBXBuildFile; fileRef = ED2F5F332AB5CEEC0001BDBA /* groundSquirrel.jpg */; };
		ED2F5F4A2AB5CEEC0001BDBA /* yellowBelliedMarmot.jpg in Resources */ = {isa = PBXBuildFile; fileRef = ED2F5F342AB5CEEC0001BDBA /* yellowBelliedMarmot.jpg */; };
		ED2F5F4B2AB5CEEC0001BDBA /* bullTuleElkAndTwoFemales.jpg in Resources */ = {isa = PBXBuildFile; fileRef = ED2F5F352AB5CEEC0001BDBA /* bullTuleElkAndTwoFemales.jpg */; };
		ED2F5F4C2AB5CEEC0001BDBA /* soaringTheRainbow.jpg in Resources */ = {isa = PBXBuildFile; fileRef = ED2F5F362AB5CEEC0001BDBA /* soaringTheRainbow.jpg */; };
		ED2F5F4D2AB5CEEC0001BDBA /* harborSealPup.jpg in Resources */ = {isa = PBXBuildFile; fileRef = ED2F5F372AB5CEEC0001BDBA /* harborSealPup.jpg */; };
		ED2F5F4E2AB5CEEC0001BDBA /* grizzlyCubs.jpg in Resources */ = {isa = PBXBuildFile; fileRef = ED2F5F382AB5CEEC0001BDBA /* grizzlyCubs.jpg */; };
		ED2F5F4F2AB5CEEC0001BDBA /* redTailedHawk.jpg in Resources */ = {isa = PBXBuildFile; fileRef = ED2F5F392AB5CEEC0001BDBA /* redTailedHawk.jpg */; };
		ED2F5F502AB5CEEC0001BDBA /* doubleRainbowLowerMammoth.jpg in Resources */ = {isa = PBXBuildFile; fileRef = ED2F5F3A2AB5CEEC0001BDBA /* doubleRainbowLowerMammoth.jpg */; };
		ED2F5F512AB5CEEC0001BDBA /* newGrowthOfAntlers.jpg in Resources */ = {isa = PBXBuildFile; fileRef = ED2F5F3B2AB5CEEC0001BDBA /* newGrowthOfAntlers.jpg */; };
		ED2F5F522AB5CEEC0001BDBA /* harborSeal.jpg in Resources */ = {isa = PBXBuildFile; fileRef = ED2F5F3C2AB5CEEC0001BDBA /* harborSeal.jpg */; };
		ED2F5F532AB5CEEC0001BDBA /* sunriseAtGrottoGeyser.jpg in Resources */ = {isa = PBXBuildFile; fileRef = ED2F5F3D2AB5CEEC0001BDBA /* sunriseAtGrottoGeyser.jpg */; };
		ED2F5F542AB5CEEC0001BDBA /* owlsAtMammoth.jpg in Resources */ = {isa = PBXBuildFile; fileRef = ED2F5F3E2AB5CEEC0001BDBA /* owlsAtMammoth.jpg */; };
		ED2F5F552AB5CEEC0001BDBA /* heartSpring.jpg in Resources */ = {isa = PBXBuildFile; fileRef = ED2F5F3F2AB5CEEC0001BDBA /* heartSpring.jpg */; };
		ED2F5F562AB5CEEC0001BDBA /* bobcat.jpg in Resources */ = {isa = PBXBuildFile; fileRef = ED2F5F402AB5CEEC0001BDBA /* bobcat.jpg */; };
		ED2F5F572AB5CEEC0001BDBA /* doubleRainbowYellowstone.jpg in Resources */ = {isa = PBXBuildFile; fileRef = ED2F5F412AB5CEEC0001BDBA /* doubleRainbowYellowstone.jpg */; };
		ED2F5F582AB5CEEC0001BDBA /* bullElk.jpg in Resources */ = {isa = PBXBuildFile; fileRef = ED2F5F422AB5CEEC0001BDBA /* bullElk.jpg */; };
		ED2F5F592AB5CEEC0001BDBA /* coyoteAndBison.jpg in Resources */ = {isa = PBXBuildFile; fileRef = ED2F5F432AB5CEEC0001BDBA /* coyoteAndBison.jpg */; };
		ED2F5F5A2AB5CEEC0001BDBA /* riverOtter.jpg in Resources */ = {isa = PBXBuildFile; fileRef = ED2F5F442AB5CEEC0001BDBA /* riverOtter.jpg */; };
		ED2F5F5B2AB5CEEC0001BDBA /* bullElkSparring.jpg in Resources */ = {isa = PBXBuildFile; fileRef = ED2F5F452AB5CEEC0001BDBA /* bullElkSparring.jpg */; };
		ED2F5F5C2AB5CEEC0001BDBA /* grizzly.jpg in Resources */ = {isa = PBXBuildFile; fileRef = ED2F5F462AB5CEEC0001BDBA /* grizzly.jpg */; };
		ED2F5F5D2AB5CEEC0001BDBA /* towerCreekBASIN.jpg in Resources */ = {isa = PBXBuildFile; fileRef = ED2F5F472AB5CEEC0001BDBA /* towerCreekBASIN.jpg */; };
		ED2F5F5E2AB5CEEC0001BDBA /* rainbowAndBadlands.jpg in Resources */ = {isa = PBXBuildFile; fileRef = ED2F5F482AB5CEEC0001BDBA /* rainbowAndBadlands.jpg */; };
		ED2F5F602AB5D5EF0001BDBA /* IGGridView.swift in Sources */ = {isa = PBXBuildFile; fileRef = ED2F5F5F2AB5D5EF0001BDBA /* IGGridView.swift */; };
		ED2F5F622AB5E3760001BDBA /* IGPhotoPickerView.swift in Sources */ = {isa = PBXBuildFile; fileRef = ED2F5F612AB5E3760001BDBA /* IGPhotoPickerView.swift */; };
		ED2F5F642AB5F7690001BDBA /* IGImageDetailView.swift in Sources */ = {isa = PBXBuildFile; fileRef = ED2F5F632AB5F7690001BDBA /* IGImageDetailView.swift */; };
		ED2F5F672AB615480001BDBA /* TestContentView.swift in Sources */ = {isa = PBXBuildFile; fileRef = ED2F5F662AB615480001BDBA /* TestContentView.swift */; };
		ED2F5F6C2AB625CD0001BDBA /* LayoutContenView.swift in Sources */ = {isa = PBXBuildFile; fileRef = ED2F5F6B2AB625CD0001BDBA /* LayoutContenView.swift */; };
		ED2F5F6E2AB626F80001BDBA /* LVSizingView.swift in Sources */ = {isa = PBXBuildFile; fileRef = ED2F5F6D2AB626F80001BDBA /* LVSizingView.swift */; };
		ED2F5FB92AB87AD00001BDBA /* LVAmazingAlignmentView.swift in Sources */ = {isa = PBXBuildFile; fileRef = ED2F5FB82AB87ACF0001BDBA /* LVAmazingAlignmentView.swift */; };
		ED2F5FBF2AB880B20001BDBA /* LVPokerView.swift in Sources */ = {isa = PBXBuildFile; fileRef = ED2F5FBE2AB880B20001BDBA /* LVPokerView.swift */; };
		ED2F5FC12AB89C4F0001BDBA /* LVMoodView.swift in Sources */ = {isa = PBXBuildFile; fileRef = ED2F5FC02AB89C4F0001BDBA /* LVMoodView.swift */; };
		ED4261232AB03E31003113DE /* AppsSampleApp.swift in Sources */ = {isa = PBXBuildFile; fileRef = ED4261222AB03E31003113DE /* AppsSampleApp.swift */; };
		ED4261272AB03E32003113DE /* Assets.xcassets in Resources */ = {isa = PBXBuildFile; fileRef = ED4261262AB03E32003113DE /* Assets.xcassets */; };
		ED42612A2AB03E32003113DE /* Preview Assets.xcassets in Resources */ = {isa = PBXBuildFile; fileRef = ED4261292AB03E32003113DE /* Preview Assets.xcassets */; };
		ED42612F2AB03E32003113DE /* AppsSample.xcdatamodeld in Sources */ = {isa = PBXBuildFile; fileRef = ED42612D2AB03E32003113DE /* AppsSample.xcdatamodeld */; };
		ED42613A2AB03E32003113DE /* AppsSampleTests.swift in Sources */ = {isa = PBXBuildFile; fileRef = ED4261392AB03E32003113DE /* AppsSampleTests.swift */; };
		ED4261442AB03E32003113DE /* AppsSampleUITests.swift in Sources */ = {isa = PBXBuildFile; fileRef = ED4261432AB03E32003113DE /* AppsSampleUITests.swift */; };
		ED4261462AB03E32003113DE /* AppsSampleUITestsLaunchTests.swift in Sources */ = {isa = PBXBuildFile; fileRef = ED4261452AB03E32003113DE /* AppsSampleUITestsLaunchTests.swift */; };
		ED4261562AB03F1C003113DE /* TabContentView.swift in Sources */ = {isa = PBXBuildFile; fileRef = ED4261552AB03F1C003113DE /* TabContentView.swift */; };
		ED4261582AB03F6A003113DE /* TabHomeView.swift in Sources */ = {isa = PBXBuildFile; fileRef = ED4261572AB03F6A003113DE /* TabHomeView.swift */; };
		ED42615A2AB04025003113DE /* TabStoryView.swift in Sources */ = {isa = PBXBuildFile; fileRef = ED4261592AB04025003113DE /* TabStoryView.swift */; };
		ED42615C2AB04033003113DE /* TabFavoritesView.swift in Sources */ = {isa = PBXBuildFile; fileRef = ED42615B2AB04033003113DE /* TabFavoritesView.swift */; };
		ED42615E2AB0403F003113DE /* TabFunFactsView.swift in Sources */ = {isa = PBXBuildFile; fileRef = ED42615D2AB0403F003113DE /* TabFunFactsView.swift */; };
		ED4261622AB0420A003113DE /* TabData.swift in Sources */ = {isa = PBXBuildFile; fileRef = ED4261612AB0420A003113DE /* TabData.swift */; };
		ED4261652AB051E6003113DE /* StoryContentView.swift in Sources */ = {isa = PBXBuildFile; fileRef = ED4261642AB051E6003113DE /* StoryContentView.swift */; };
		ED4261692AB053E3003113DE /* StoryModels.swift in Sources */ = {isa = PBXBuildFile; fileRef = ED4261682AB053E3003113DE /* StoryModels.swift */; };
		ED42616B2AB054BD003113DE /* MyStory.swift in Sources */ = {isa = PBXBuildFile; fileRef = ED42616A2AB054BD003113DE /* MyStory.swift */; };
		ED42616D2AB05535003113DE /* StoryPageView.swift in Sources */ = {isa = PBXBuildFile; fileRef = ED42616C2AB05535003113DE /* StoryPageView.swift */; };
		ED4261702AB05A7F003113DE /* PlannerContentView.swift in Sources */ = {isa = PBXBuildFile; fileRef = ED42616F2AB05A7F003113DE /* PlannerContentView.swift */; };
		ED4261742AB06692003113DE /* DPEvent.swift in Sources */ = {isa = PBXBuildFile; fileRef = ED4261732AB06692003113DE /* DPEvent.swift */; };
		ED4261762AB06797003113DE /* DPEventTask.swift in Sources */ = {isa = PBXBuildFile; fileRef = ED4261752AB06797003113DE /* DPEventTask.swift */; };
		ED4261782AB08507003113DE /* DPEventData.swift in Sources */ = {isa = PBXBuildFile; fileRef = ED4261772AB08507003113DE /* DPEventData.swift */; };
		ED42617A2AB08D28003113DE /* DPEventListView.swift in Sources */ = {isa = PBXBuildFile; fileRef = ED4261792AB08D28003113DE /* DPEventListView.swift */; };
		ED4261812AB1A876003113DE /* DPEventEditorView.swift in Sources */ = {isa = PBXBuildFile; fileRef = ED4261802AB1A876003113DE /* DPEventEditorView.swift */; };
		ED4261832AB1AAAB003113DE /* DPEventDetailView.swift in Sources */ = {isa = PBXBuildFile; fileRef = ED4261822AB1AAAB003113DE /* DPEventDetailView.swift */; };
		ED4261852AB1ABC9003113DE /* DPSFSymbolStyling.swift in Sources */ = {isa = PBXBuildFile; fileRef = ED4261842AB1ABC9003113DE /* DPSFSymbolStyling.swift */; };
		ED4261872AB1B227003113DE /* DPTaskRowView.swift in Sources */ = {isa = PBXBuildFile; fileRef = ED4261862AB1B227003113DE /* DPTaskRowView.swift */; };
		ED4261892AB1D5E2003113DE /* DPEventRowView.swift in Sources */ = {isa = PBXBuildFile; fileRef = ED4261882AB1D5E2003113DE /* DPEventRowView.swift */; };
		ED42618B2AB1DAA8003113DE /* DPSymbolPickerView.swift in Sources */ = {isa = PBXBuildFile; fileRef = ED42618A2AB1DAA8003113DE /* DPSymbolPickerView.swift */; };
		ED42618F2AB3135D003113DE /* ColorGridContentView.swift in Sources */ = {isa = PBXBuildFile; fileRef = ED42618E2AB3135D003113DE /* ColorGridContentView.swift */; };
		ED4BBC432AB3252900DF2EAA /* SymbolGridContentView.swift in Sources */ = {isa = PBXBuildFile; fileRef = ED4BBC422AB3252900DF2EAA /* SymbolGridContentView.swift */; };
		ED4BBC462AB3255600DF2EAA /* SGSymbolGridView.swift in Sources */ = {isa = PBXBuildFile; fileRef = ED4BBC452AB3255600DF2EAA /* SGSymbolGridView.swift */; };
		ED4BBC492AB3259700DF2EAA /* SGSymbol.swift in Sources */ = {isa = PBXBuildFile; fileRef = ED4BBC482AB3259700DF2EAA /* SGSymbol.swift */; };
		ED4BBC4B2AB325E300DF2EAA /* SGSymbolDetailView.swift in Sources */ = {isa = PBXBuildFile; fileRef = ED4BBC4A2AB325E300DF2EAA /* SGSymbolDetailView.swift */; };
		ED4BBC4D2AB3332100DF2EAA /* SGSymbolPickerView.swift in Sources */ = {isa = PBXBuildFile; fileRef = ED4BBC4C2AB3332100DF2EAA /* SGSymbolPickerView.swift */; };
		ED4BBC542AB467EF00DF2EAA /* ImageGalleryContentView.swift in Sources */ = {isa = PBXBuildFile; fileRef = ED4BBC532AB467EF00DF2EAA /* ImageGalleryContentView.swift */; };
		ED5037662AE75E420073D26A /* PCPhotoCollectionView.swift in Sources */ = {isa = PBXBuildFile; fileRef = ED5037652AE75E420073D26A /* PCPhotoCollectionView.swift */; };
		ED5037682AE7EEB50073D26A /* PCPhotoItemView.swift in Sources */ = {isa = PBXBuildFile; fileRef = ED5037672AE7EEB50073D26A /* PCPhotoItemView.swift */; };
		ED50376A2AE7F38A0073D26A /* PCPhotoView.swift in Sources */ = {isa = PBXBuildFile; fileRef = ED5037692AE7F38A0073D26A /* PCPhotoView.swift */; };
		ED7934F62ABC679300CB6A9F /* SeismometerContentView.swift in Sources */ = {isa = PBXBuildFile; fileRef = ED7934F52ABC679300CB6A9F /* SeismometerContentView.swift */; };
		ED7934F92ABC67DD00CB6A9F /* SMNeedleSeismometerView.swift in Sources */ = {isa = PBXBuildFile; fileRef = ED7934F82ABC67DD00CB6A9F /* SMNeedleSeismometerView.swift */; };
		ED7934FB2ABC6AE000CB6A9F /* SMGaugeBackgroundView.swift in Sources */ = {isa = PBXBuildFile; fileRef = ED7934FA2ABC6AE000CB6A9F /* SMGaugeBackgroundView.swift */; };
		ED7934FD2ABC6D7000CB6A9F /* SMGraphSeismometerView.swift in Sources */ = {isa = PBXBuildFile; fileRef = ED7934FC2ABC6D7000CB6A9F /* SMGraphSeismometerView.swift */; };
		ED7934FF2ABD325900CB6A9F /* SMLineGraphView.swift in Sources */ = {isa = PBXBuildFile; fileRef = ED7934FE2ABD325900CB6A9F /* SMLineGraphView.swift */; };
		ED7935012ABD3B5300CB6A9F /* SMSeismometerBrowserView.swift in Sources */ = {isa = PBXBuildFile; fileRef = ED7935002ABD3B5300CB6A9F /* SMSeismometerBrowserView.swift */; };
		ED7935042ACE3D0D00CB6A9F /* RecognizingGesturesContentView .swift in Sources */ = {isa = PBXBuildFile; fileRef = ED7935032ACE3D0D00CB6A9F /* RecognizingGesturesContentView .swift */; };
		ED7935072ACE3D2F00CB6A9F /* RGTapView.swift in Sources */ = {isa = PBXBuildFile; fileRef = ED7935062ACE3D2F00CB6A9F /* RGTapView.swift */; };
		ED79350B2ACE3F4400CB6A9F /* RGLongPressView.swift in Sources */ = {isa = PBXBuildFile; fileRef = ED79350A2ACE3F4400CB6A9F /* RGLongPressView.swift */; };
		ED9981092ABB0DD80047DC4B /* BubbleLevelContentView.swift in Sources */ = {isa = PBXBuildFile; fileRef = ED9981082ABB0DD80047DC4B /* BubbleLevelContentView.swift */; };
		ED99810D2ABB0E080047DC4B /* BLBubbleLevelView.swift in Sources */ = {isa = PBXBuildFile; fileRef = ED99810C2ABB0E080047DC4B /* BLBubbleLevelView.swift */; };
		ED99810F2ABB0E340047DC4B /* BLMotionDetector.swift in Sources */ = {isa = PBXBuildFile; fileRef = ED99810E2ABB0E340047DC4B /* BLMotionDetector.swift */; };
		ED9981112ABB125F0047DC4B /* BLOrientationDataView.swift in Sources */ = {isa = PBXBuildFile; fileRef = ED9981102ABB125F0047DC4B /* BLOrientationDataView.swift */; };
		ED9981142ABB1EBE0047DC4B /* BLLevelView.swift in Sources */ = {isa = PBXBuildFile; fileRef = ED9981132ABB1EBE0047DC4B /* BLLevelView.swift */; };
		EDC07D122AE69C680035692F /* PCThumbnailView.swift in Sources */ = {isa = PBXBuildFile; fileRef = EDC07D112AE69C680035692F /* PCThumbnailView.swift */; };
		EDD9CA6E2ACE857500F758D1 /* RGDragView.swift in Sources */ = {isa = PBXBuildFile; fileRef = EDD9CA6D2ACE857500F758D1 /* RGDragView.swift */; };
		EDD9CA702ACE87A700F758D1 /* RGRotateView.swift in Sources */ = {isa = PBXBuildFile; fileRef = EDD9CA6F2ACE87A700F758D1 /* RGRotateView.swift */; };
		EDD9CA722ACE8DCD00F758D1 /* RGSingleLineView.swift in Sources */ = {isa = PBXBuildFile; fileRef = EDD9CA712ACE8DCD00F758D1 /* RGSingleLineView.swift */; };
		EDD9CA752ACEA70A00F758D1 /* AnimatingShapesContentView.swift in Sources */ = {isa = PBXBuildFile; fileRef = EDD9CA742ACEA70A00F758D1 /* AnimatingShapesContentView.swift */; };
		EDD9CA782AD1676D00F758D1 /* ASHeartPulseView.swift in Sources */ = {isa = PBXBuildFile; fileRef = EDD9CA772AD1676D00F758D1 /* ASHeartPulseView.swift */; };
		EDD9CA7A2AD1783800F758D1 /* ASPlayResetButton.swift in Sources */ = {isa = PBXBuildFile; fileRef = EDD9CA792AD1783800F758D1 /* ASPlayResetButton.swift */; };
		EDD9CA7C2AD180C300F758D1 /* ASSpinningView.swift in Sources */ = {isa = PBXBuildFile; fileRef = EDD9CA7B2AD180C300F758D1 /* ASSpinningView.swift */; };
		EDD9CA7E2AD1837100F758D1 /* ASExplodingView.swift in Sources */ = {isa = PBXBuildFile; fileRef = EDD9CA7D2AD1837100F758D1 /* ASExplodingView.swift */; };
		EDD9CA802AD185DA00F758D1 /* ASRollinRainbowView.swift in Sources */ = {isa = PBXBuildFile; fileRef = EDD9CA7F2AD185DA00F758D1 /* ASRollinRainbowView.swift */; };
		EDD9CA822AD189D400F758D1 /* ASDragNDropDotsView.swift in Sources */ = {isa = PBXBuildFile; fileRef = EDD9CA812AD189D400F758D1 /* ASDragNDropDotsView.swift */; };
		EDD9CAC82AD41CF400F758D1 /* ASDancingDotsView.swift in Sources */ = {isa = PBXBuildFile; fileRef = EDD9CAC72AD41CF400F758D1 /* ASDancingDotsView.swift */; };
		EDD9CACB2AD42F4600F758D1 /* PreviewingCameraContentView.swift in Sources */ = {isa = PBXBuildFile; fileRef = EDD9CACA2AD42F4600F758D1 /* PreviewingCameraContentView.swift */; };
		EDD9CACF2AD42F7000F758D1 /* PCDataModel.swift in Sources */ = {isa = PBXBuildFile; fileRef = EDD9CACE2AD42F7000F758D1 /* PCDataModel.swift */; };
		EDD9CAEB2AD57D8E00F758D1 /* Camera.swift in Sources */ = {isa = PBXBuildFile; fileRef = EDD9CAEA2AD57D8E00F758D1 /* Camera.swift */; };
		EDD9CAEE2AD581DE00F758D1 /* PhotoCollection.swift in Sources */ = {isa = PBXBuildFile; fileRef = EDD9CAED2AD581DE00F758D1 /* PhotoCollection.swift */; };
		EDD9CC462AE1590600F758D1 /* PhotoAssetCollection.swift in Sources */ = {isa = PBXBuildFile; fileRef = EDD9CC452AE1590600F758D1 /* PhotoAssetCollection.swift */; };
		EDD9CC482AE1592700F758D1 /* CachedImageManager.swift in Sources */ = {isa = PBXBuildFile; fileRef = EDD9CC472AE1592700F758D1 /* CachedImageManager.swift */; };
		EDD9CC4A2AE1593700F758D1 /* PhotoAsset.swift in Sources */ = {isa = PBXBuildFile; fileRef = EDD9CC492AE1593700F758D1 /* PhotoAsset.swift */; };
		EDD9CC4C2AE15B2700F758D1 /* PhotoLibrary.swift in Sources */ = {isa = PBXBuildFile; fileRef = EDD9CC4B2AE15B2700F758D1 /* PhotoLibrary.swift */; };
		EDD9CC4E2AE15C8600F758D1 /* PCCameraView.swift in Sources */ = {isa = PBXBuildFile; fileRef = EDD9CC4D2AE15C8600F758D1 /* PCCameraView.swift */; };
		EDD9CC502AE15DA700F758D1 /* PCViewfinderView.swift in Sources */ = {isa = PBXBuildFile; fileRef = EDD9CC4F2AE15DA700F758D1 /* PCViewfinderView.swift */; };
/* End PBXBuildFile section */

/* Begin PBXContainerItemProxy section */
		ED4261362AB03E32003113DE /* PBXContainerItemProxy */ = {
			isa = PBXContainerItemProxy;
			containerPortal = ED4261172AB03E31003113DE /* Project object */;
			proxyType = 1;
			remoteGlobalIDString = ED42611E2AB03E31003113DE;
			remoteInfo = AppsSample;
		};
		ED4261402AB03E32003113DE /* PBXContainerItemProxy */ = {
			isa = PBXContainerItemProxy;
			containerPortal = ED4261172AB03E31003113DE /* Project object */;
			proxyType = 1;
			remoteGlobalIDString = ED42611E2AB03E31003113DE;
			remoteInfo = AppsSample;
		};
/* End PBXContainerItemProxy section */

/* Begin PBXFileReference section */
		ED08512B2AB9C7A4007E123B /* Organizing with Grids.swiftpm */ = {isa = PBXFileReference; lastKnownFileType = wrapper; path = "Organizing with Grids.swiftpm"; sourceTree = "<group>"; };
		ED08512C2AB9C7A4007E123B /* Image Gallery.swiftpm */ = {isa = PBXFileReference; lastKnownFileType = wrapper; path = "Image Gallery.swiftpm"; sourceTree = "<group>"; };
		ED08512D2AB9C7A4007E123B /* Editing Grids.swiftpm */ = {isa = PBXFileReference; lastKnownFileType = wrapper; path = "Editing Grids.swiftpm"; sourceTree = "<group>"; };
		ED08512E2AB9C7A4007E123B /* Laying Out Views.swiftpm */ = {isa = PBXFileReference; lastKnownFileType = wrapper; path = "Laying Out Views.swiftpm"; sourceTree = "<group>"; };
		ED0851332AB9C7B4007E123B /* About Me.swiftpm */ = {isa = PBXFileReference; lastKnownFileType = wrapper; path = "About Me.swiftpm"; sourceTree = "<group>"; };
		ED0851342AB9C7B4007E123B /* Choose Your Own Story.swiftpm */ = {isa = PBXFileReference; lastKnownFileType = wrapper; path = "Choose Your Own Story.swiftpm"; sourceTree = "<group>"; };
		ED0851352AB9C7B4007E123B /* Date Planner.swiftpm */ = {isa = PBXFileReference; lastKnownFileType = wrapper; path = "Date Planner.swiftpm"; sourceTree = "<group>"; };
		ED0851392AB9C7D7007E123B /* Meme Creator.swiftpm */ = {isa = PBXFileReference; lastKnownFileType = wrapper; path = "Meme Creator.swiftpm"; sourceTree = "<group>"; };
		ED08513E2AB9CBE1007E123B /* MemeCreatorContentView.swift */ = {isa = PBXFileReference; lastKnownFileType = sourcecode.swift; path = MemeCreatorContentView.swift; sourceTree = "<group>"; };
		ED0851422AB9CCDC007E123B /* MMPandaCollectionFetcher.swift */ = {isa = PBXFileReference; lastKnownFileType = sourcecode.swift; path = MMPandaCollectionFetcher.swift; sourceTree = "<group>"; };
		ED0851442AB9CE0A007E123B /* MMPanda.swift */ = {isa = PBXFileReference; lastKnownFileType = sourcecode.swift; path = MMPanda.swift; sourceTree = "<group>"; };
		ED0851462AB9CFA0007E123B /* MMLoadableImageView.swift */ = {isa = PBXFileReference; lastKnownFileType = sourcecode.swift; path = MMLoadableImageView.swift; sourceTree = "<group>"; };
		ED0851482AB9D213007E123B /* MMMemeCreatorView.swift */ = {isa = PBXFileReference; lastKnownFileType = sourcecode.swift; path = MMMemeCreatorView.swift; sourceTree = "<group>"; };
		ED2F5F292AB46D560001BDBA /* IGDataModel.swift */ = {isa = PBXFileReference; lastKnownFileType = sourcecode.swift; path = IGDataModel.swift; sourceTree = "<group>"; };
		ED2F5F2B2AB5874A0001BDBA /* IGItem.swift */ = {isa = PBXFileReference; lastKnownFileType = sourcecode.swift; path = IGItem.swift; sourceTree = "<group>"; };
		ED2F5F2E2AB590D30001BDBA /* FileManagerExtension.swift */ = {isa = PBXFileReference; lastKnownFileType = sourcecode.swift; path = FileManagerExtension.swift; sourceTree = "<group>"; };
		ED2F5F302AB5CC4F0001BDBA /* IGGridItemView.swift */ = {isa = PBXFileReference; lastKnownFileType = sourcecode.swift; path = IGGridItemView.swift; sourceTree = "<group>"; };
		ED2F5F332AB5CEEC0001BDBA /* groundSquirrel.jpg */ = {isa = PBXFileReference; lastKnownFileType = image.jpeg; path = groundSquirrel.jpg; sourceTree = "<group>"; };
		ED2F5F342AB5CEEC0001BDBA /* yellowBelliedMarmot.jpg */ = {isa = PBXFileReference; lastKnownFileType = image.jpeg; path = yellowBelliedMarmot.jpg; sourceTree = "<group>"; };
		ED2F5F352AB5CEEC0001BDBA /* bullTuleElkAndTwoFemales.jpg */ = {isa = PBXFileReference; lastKnownFileType = image.jpeg; path = bullTuleElkAndTwoFemales.jpg; sourceTree = "<group>"; };
		ED2F5F362AB5CEEC0001BDBA /* soaringTheRainbow.jpg */ = {isa = PBXFileReference; lastKnownFileType = image.jpeg; path = soaringTheRainbow.jpg; sourceTree = "<group>"; };
		ED2F5F372AB5CEEC0001BDBA /* harborSealPup.jpg */ = {isa = PBXFileReference; lastKnownFileType = image.jpeg; path = harborSealPup.jpg; sourceTree = "<group>"; };
		ED2F5F382AB5CEEC0001BDBA /* grizzlyCubs.jpg */ = {isa = PBXFileReference; lastKnownFileType = image.jpeg; path = grizzlyCubs.jpg; sourceTree = "<group>"; };
		ED2F5F392AB5CEEC0001BDBA /* redTailedHawk.jpg */ = {isa = PBXFileReference; lastKnownFileType = image.jpeg; path = redTailedHawk.jpg; sourceTree = "<group>"; };
		ED2F5F3A2AB5CEEC0001BDBA /* doubleRainbowLowerMammoth.jpg */ = {isa = PBXFileReference; lastKnownFileType = image.jpeg; path = doubleRainbowLowerMammoth.jpg; sourceTree = "<group>"; };
		ED2F5F3B2AB5CEEC0001BDBA /* newGrowthOfAntlers.jpg */ = {isa = PBXFileReference; lastKnownFileType = image.jpeg; path = newGrowthOfAntlers.jpg; sourceTree = "<group>"; };
		ED2F5F3C2AB5CEEC0001BDBA /* harborSeal.jpg */ = {isa = PBXFileReference; lastKnownFileType = image.jpeg; path = harborSeal.jpg; sourceTree = "<group>"; };
		ED2F5F3D2AB5CEEC0001BDBA /* sunriseAtGrottoGeyser.jpg */ = {isa = PBXFileReference; lastKnownFileType = image.jpeg; path = sunriseAtGrottoGeyser.jpg; sourceTree = "<group>"; };
		ED2F5F3E2AB5CEEC0001BDBA /* owlsAtMammoth.jpg */ = {isa = PBXFileReference; lastKnownFileType = image.jpeg; path = owlsAtMammoth.jpg; sourceTree = "<group>"; };
		ED2F5F3F2AB5CEEC0001BDBA /* heartSpring.jpg */ = {isa = PBXFileReference; lastKnownFileType = image.jpeg; path = heartSpring.jpg; sourceTree = "<group>"; };
		ED2F5F402AB5CEEC0001BDBA /* bobcat.jpg */ = {isa = PBXFileReference; lastKnownFileType = image.jpeg; path = bobcat.jpg; sourceTree = "<group>"; };
		ED2F5F412AB5CEEC0001BDBA /* doubleRainbowYellowstone.jpg */ = {isa = PBXFileReference; lastKnownFileType = image.jpeg; path = doubleRainbowYellowstone.jpg; sourceTree = "<group>"; };
		ED2F5F422AB5CEEC0001BDBA /* bullElk.jpg */ = {isa = PBXFileReference; lastKnownFileType = image.jpeg; path = bullElk.jpg; sourceTree = "<group>"; };
		ED2F5F432AB5CEEC0001BDBA /* coyoteAndBison.jpg */ = {isa = PBXFileReference; lastKnownFileType = image.jpeg; path = coyoteAndBison.jpg; sourceTree = "<group>"; };
		ED2F5F442AB5CEEC0001BDBA /* riverOtter.jpg */ = {isa = PBXFileReference; lastKnownFileType = image.jpeg; path = riverOtter.jpg; sourceTree = "<group>"; };
		ED2F5F452AB5CEEC0001BDBA /* bullElkSparring.jpg */ = {isa = PBXFileReference; lastKnownFileType = image.jpeg; path = bullElkSparring.jpg; sourceTree = "<group>"; };
		ED2F5F462AB5CEEC0001BDBA /* grizzly.jpg */ = {isa = PBXFileReference; lastKnownFileType = image.jpeg; path = grizzly.jpg; sourceTree = "<group>"; };
		ED2F5F472AB5CEEC0001BDBA /* towerCreekBASIN.jpg */ = {isa = PBXFileReference; lastKnownFileType = image.jpeg; path = towerCreekBASIN.jpg; sourceTree = "<group>"; };
		ED2F5F482AB5CEEC0001BDBA /* rainbowAndBadlands.jpg */ = {isa = PBXFileReference; lastKnownFileType = image.jpeg; path = rainbowAndBadlands.jpg; sourceTree = "<group>"; };
		ED2F5F5F2AB5D5EF0001BDBA /* IGGridView.swift */ = {isa = PBXFileReference; lastKnownFileType = sourcecode.swift; path = IGGridView.swift; sourceTree = "<group>"; };
		ED2F5F612AB5E3760001BDBA /* IGPhotoPickerView.swift */ = {isa = PBXFileReference; lastKnownFileType = sourcecode.swift; path = IGPhotoPickerView.swift; sourceTree = "<group>"; };
		ED2F5F632AB5F7690001BDBA /* IGImageDetailView.swift */ = {isa = PBXFileReference; lastKnownFileType = sourcecode.swift; path = IGImageDetailView.swift; sourceTree = "<group>"; };
		ED2F5F662AB615480001BDBA /* TestContentView.swift */ = {isa = PBXFileReference; lastKnownFileType = sourcecode.swift; path = TestContentView.swift; sourceTree = "<group>"; };
		ED2F5F6B2AB625CD0001BDBA /* LayoutContenView.swift */ = {isa = PBXFileReference; lastKnownFileType = sourcecode.swift; path = LayoutContenView.swift; sourceTree = "<group>"; };
		ED2F5F6D2AB626F80001BDBA /* LVSizingView.swift */ = {isa = PBXFileReference; lastKnownFileType = sourcecode.swift; path = LVSizingView.swift; sourceTree = "<group>"; };
		ED2F5FB82AB87ACF0001BDBA /* LVAmazingAlignmentView.swift */ = {isa = PBXFileReference; lastKnownFileType = sourcecode.swift; path = LVAmazingAlignmentView.swift; sourceTree = "<group>"; };
		ED2F5FBE2AB880B20001BDBA /* LVPokerView.swift */ = {isa = PBXFileReference; lastKnownFileType = sourcecode.swift; path = LVPokerView.swift; sourceTree = "<group>"; };
		ED2F5FC02AB89C4F0001BDBA /* LVMoodView.swift */ = {isa = PBXFileReference; lastKnownFileType = sourcecode.swift; path = LVMoodView.swift; sourceTree = "<group>"; };
		ED42611F2AB03E31003113DE /* AppsSample.app */ = {isa = PBXFileReference; explicitFileType = wrapper.application; includeInIndex = 0; path = AppsSample.app; sourceTree = BUILT_PRODUCTS_DIR; };
		ED4261222AB03E31003113DE /* AppsSampleApp.swift */ = {isa = PBXFileReference; lastKnownFileType = sourcecode.swift; path = AppsSampleApp.swift; sourceTree = "<group>"; };
		ED4261262AB03E32003113DE /* Assets.xcassets */ = {isa = PBXFileReference; lastKnownFileType = folder.assetcatalog; path = Assets.xcassets; sourceTree = "<group>"; };
		ED4261292AB03E32003113DE /* Preview Assets.xcassets */ = {isa = PBXFileReference; lastKnownFileType = folder.assetcatalog; path = "Preview Assets.xcassets"; sourceTree = "<group>"; };
		ED42612E2AB03E32003113DE /* AppsSample.xcdatamodel */ = {isa = PBXFileReference; lastKnownFileType = wrapper.xcdatamodel; path = AppsSample.xcdatamodel; sourceTree = "<group>"; };
		ED4261302AB03E32003113DE /* Info.plist */ = {isa = PBXFileReference; lastKnownFileType = text.plist.xml; path = Info.plist; sourceTree = "<group>"; };
		ED4261352AB03E32003113DE /* AppsSampleTests.xctest */ = {isa = PBXFileReference; explicitFileType = wrapper.cfbundle; includeInIndex = 0; path = AppsSampleTests.xctest; sourceTree = BUILT_PRODUCTS_DIR; };
		ED4261392AB03E32003113DE /* AppsSampleTests.swift */ = {isa = PBXFileReference; lastKnownFileType = sourcecode.swift; path = AppsSampleTests.swift; sourceTree = "<group>"; };
		ED42613F2AB03E32003113DE /* AppsSampleUITests.xctest */ = {isa = PBXFileReference; explicitFileType = wrapper.cfbundle; includeInIndex = 0; path = AppsSampleUITests.xctest; sourceTree = BUILT_PRODUCTS_DIR; };
		ED4261432AB03E32003113DE /* AppsSampleUITests.swift */ = {isa = PBXFileReference; lastKnownFileType = sourcecode.swift; path = AppsSampleUITests.swift; sourceTree = "<group>"; };
		ED4261452AB03E32003113DE /* AppsSampleUITestsLaunchTests.swift */ = {isa = PBXFileReference; lastKnownFileType = sourcecode.swift; path = AppsSampleUITestsLaunchTests.swift; sourceTree = "<group>"; };
		ED4261552AB03F1C003113DE /* TabContentView.swift */ = {isa = PBXFileReference; lastKnownFileType = sourcecode.swift; path = TabContentView.swift; sourceTree = "<group>"; };
		ED4261572AB03F6A003113DE /* TabHomeView.swift */ = {isa = PBXFileReference; lastKnownFileType = sourcecode.swift; path = TabHomeView.swift; sourceTree = "<group>"; };
		ED4261592AB04025003113DE /* TabStoryView.swift */ = {isa = PBXFileReference; lastKnownFileType = sourcecode.swift; path = TabStoryView.swift; sourceTree = "<group>"; };
		ED42615B2AB04033003113DE /* TabFavoritesView.swift */ = {isa = PBXFileReference; lastKnownFileType = sourcecode.swift; path = TabFavoritesView.swift; sourceTree = "<group>"; };
		ED42615D2AB0403F003113DE /* TabFunFactsView.swift */ = {isa = PBXFileReference; lastKnownFileType = sourcecode.swift; path = TabFunFactsView.swift; sourceTree = "<group>"; };
		ED4261612AB0420A003113DE /* TabData.swift */ = {isa = PBXFileReference; lastKnownFileType = sourcecode.swift; path = TabData.swift; sourceTree = "<group>"; };
		ED4261642AB051E6003113DE /* StoryContentView.swift */ = {isa = PBXFileReference; lastKnownFileType = sourcecode.swift; path = StoryContentView.swift; sourceTree = "<group>"; };
		ED4261682AB053E3003113DE /* StoryModels.swift */ = {isa = PBXFileReference; lastKnownFileType = sourcecode.swift; path = StoryModels.swift; sourceTree = "<group>"; };
		ED42616A2AB054BD003113DE /* MyStory.swift */ = {isa = PBXFileReference; lastKnownFileType = sourcecode.swift; path = MyStory.swift; sourceTree = "<group>"; };
		ED42616C2AB05535003113DE /* StoryPageView.swift */ = {isa = PBXFileReference; lastKnownFileType = sourcecode.swift; path = StoryPageView.swift; sourceTree = "<group>"; };
		ED42616F2AB05A7F003113DE /* PlannerContentView.swift */ = {isa = PBXFileReference; lastKnownFileType = sourcecode.swift; path = PlannerContentView.swift; sourceTree = "<group>"; };
		ED4261732AB06692003113DE /* DPEvent.swift */ = {isa = PBXFileReference; lastKnownFileType = sourcecode.swift; path = DPEvent.swift; sourceTree = "<group>"; };
		ED4261752AB06797003113DE /* DPEventTask.swift */ = {isa = PBXFileReference; lastKnownFileType = sourcecode.swift; path = DPEventTask.swift; sourceTree = "<group>"; };
		ED4261772AB08507003113DE /* DPEventData.swift */ = {isa = PBXFileReference; lastKnownFileType = sourcecode.swift; path = DPEventData.swift; sourceTree = "<group>"; };
		ED4261792AB08D28003113DE /* DPEventListView.swift */ = {isa = PBXFileReference; lastKnownFileType = sourcecode.swift; path = DPEventListView.swift; sourceTree = "<group>"; };
		ED4261802AB1A876003113DE /* DPEventEditorView.swift */ = {isa = PBXFileReference; lastKnownFileType = sourcecode.swift; path = DPEventEditorView.swift; sourceTree = "<group>"; };
		ED4261822AB1AAAB003113DE /* DPEventDetailView.swift */ = {isa = PBXFileReference; lastKnownFileType = sourcecode.swift; path = DPEventDetailView.swift; sourceTree = "<group>"; };
		ED4261842AB1ABC9003113DE /* DPSFSymbolStyling.swift */ = {isa = PBXFileReference; lastKnownFileType = sourcecode.swift; path = DPSFSymbolStyling.swift; sourceTree = "<group>"; };
		ED4261862AB1B227003113DE /* DPTaskRowView.swift */ = {isa = PBXFileReference; lastKnownFileType = sourcecode.swift; path = DPTaskRowView.swift; sourceTree = "<group>"; };
		ED4261882AB1D5E2003113DE /* DPEventRowView.swift */ = {isa = PBXFileReference; lastKnownFileType = sourcecode.swift; path = DPEventRowView.swift; sourceTree = "<group>"; };
		ED42618A2AB1DAA8003113DE /* DPSymbolPickerView.swift */ = {isa = PBXFileReference; lastKnownFileType = sourcecode.swift; path = DPSymbolPickerView.swift; sourceTree = "<group>"; };
		ED42618E2AB3135D003113DE /* ColorGridContentView.swift */ = {isa = PBXFileReference; lastKnownFileType = sourcecode.swift; path = ColorGridContentView.swift; sourceTree = "<group>"; };
		ED4BBC422AB3252900DF2EAA /* SymbolGridContentView.swift */ = {isa = PBXFileReference; lastKnownFileType = sourcecode.swift; path = SymbolGridContentView.swift; sourceTree = "<group>"; };
		ED4BBC452AB3255600DF2EAA /* SGSymbolGridView.swift */ = {isa = PBXFileReference; lastKnownFileType = sourcecode.swift; path = SGSymbolGridView.swift; sourceTree = "<group>"; };
		ED4BBC482AB3259700DF2EAA /* SGSymbol.swift */ = {isa = PBXFileReference; lastKnownFileType = sourcecode.swift; path = SGSymbol.swift; sourceTree = "<group>"; };
		ED4BBC4A2AB325E300DF2EAA /* SGSymbolDetailView.swift */ = {isa = PBXFileReference; lastKnownFileType = sourcecode.swift; path = SGSymbolDetailView.swift; sourceTree = "<group>"; };
		ED4BBC4C2AB3332100DF2EAA /* SGSymbolPickerView.swift */ = {isa = PBXFileReference; lastKnownFileType = sourcecode.swift; path = SGSymbolPickerView.swift; sourceTree = "<group>"; };
		ED4BBC532AB467EF00DF2EAA /* ImageGalleryContentView.swift */ = {isa = PBXFileReference; lastKnownFileType = sourcecode.swift; path = ImageGalleryContentView.swift; sourceTree = "<group>"; };
		ED5037652AE75E420073D26A /* PCPhotoCollectionView.swift */ = {isa = PBXFileReference; lastKnownFileType = sourcecode.swift; path = PCPhotoCollectionView.swift; sourceTree = "<group>"; };
		ED5037672AE7EEB50073D26A /* PCPhotoItemView.swift */ = {isa = PBXFileReference; lastKnownFileType = sourcecode.swift; path = PCPhotoItemView.swift; sourceTree = "<group>"; };
		ED5037692AE7F38A0073D26A /* PCPhotoView.swift */ = {isa = PBXFileReference; lastKnownFileType = sourcecode.swift; path = PCPhotoView.swift; sourceTree = "<group>"; };
		ED7934F52ABC679300CB6A9F /* SeismometerContentView.swift */ = {isa = PBXFileReference; lastKnownFileType = sourcecode.swift; path = SeismometerContentView.swift; sourceTree = "<group>"; };
		ED7934F82ABC67DD00CB6A9F /* SMNeedleSeismometerView.swift */ = {isa = PBXFileReference; lastKnownFileType = sourcecode.swift; path = SMNeedleSeismometerView.swift; sourceTree = "<group>"; };
		ED7934FA2ABC6AE000CB6A9F /* SMGaugeBackgroundView.swift */ = {isa = PBXFileReference; lastKnownFileType = sourcecode.swift; path = SMGaugeBackgroundView.swift; sourceTree = "<group>"; };
		ED7934FC2ABC6D7000CB6A9F /* SMGraphSeismometerView.swift */ = {isa = PBXFileReference; lastKnownFileType = sourcecode.swift; path = SMGraphSeismometerView.swift; sourceTree = "<group>"; };
		ED7934FE2ABD325900CB6A9F /* SMLineGraphView.swift */ = {isa = PBXFileReference; lastKnownFileType = sourcecode.swift; path = SMLineGraphView.swift; sourceTree = "<group>"; };
		ED7935002ABD3B5300CB6A9F /* SMSeismometerBrowserView.swift */ = {isa = PBXFileReference; lastKnownFileType = sourcecode.swift; path = SMSeismometerBrowserView.swift; sourceTree = "<group>"; };
		ED7935032ACE3D0D00CB6A9F /* RecognizingGesturesContentView .swift */ = {isa = PBXFileReference; lastKnownFileType = sourcecode.swift; path = "RecognizingGesturesContentView .swift"; sourceTree = "<group>"; };
		ED7935062ACE3D2F00CB6A9F /* RGTapView.swift */ = {isa = PBXFileReference; lastKnownFileType = sourcecode.swift; path = RGTapView.swift; sourceTree = "<group>"; };
		ED79350A2ACE3F4400CB6A9F /* RGLongPressView.swift */ = {isa = PBXFileReference; lastKnownFileType = sourcecode.swift; path = RGLongPressView.swift; sourceTree = "<group>"; };
		ED9981082ABB0DD80047DC4B /* BubbleLevelContentView.swift */ = {isa = PBXFileReference; lastKnownFileType = sourcecode.swift; path = BubbleLevelContentView.swift; sourceTree = "<group>"; };
		ED99810C2ABB0E080047DC4B /* BLBubbleLevelView.swift */ = {isa = PBXFileReference; lastKnownFileType = sourcecode.swift; path = BLBubbleLevelView.swift; sourceTree = "<group>"; };
		ED99810E2ABB0E340047DC4B /* BLMotionDetector.swift */ = {isa = PBXFileReference; lastKnownFileType = sourcecode.swift; path = BLMotionDetector.swift; sourceTree = "<group>"; };
		ED9981102ABB125F0047DC4B /* BLOrientationDataView.swift */ = {isa = PBXFileReference; lastKnownFileType = sourcecode.swift; path = BLOrientationDataView.swift; sourceTree = "<group>"; };
		ED9981132ABB1EBE0047DC4B /* BLLevelView.swift */ = {isa = PBXFileReference; lastKnownFileType = sourcecode.swift; path = BLLevelView.swift; sourceTree = "<group>"; };
		ED9981162ABB23750047DC4B /* CoreMotion.framework */ = {isa = PBXFileReference; lastKnownFileType = wrapper.framework; name = CoreMotion.framework; path = System/Library/Frameworks/CoreMotion.framework; sourceTree = SDKROOT; };
		EDC07D112AE69C680035692F /* PCThumbnailView.swift */ = {isa = PBXFileReference; lastKnownFileType = sourcecode.swift; path = PCThumbnailView.swift; sourceTree = "<group>"; };
		EDD9CA6D2ACE857500F758D1 /* RGDragView.swift */ = {isa = PBXFileReference; lastKnownFileType = sourcecode.swift; path = RGDragView.swift; sourceTree = "<group>"; };
		EDD9CA6F2ACE87A700F758D1 /* RGRotateView.swift */ = {isa = PBXFileReference; lastKnownFileType = sourcecode.swift; path = RGRotateView.swift; sourceTree = "<group>"; };
		EDD9CA712ACE8DCD00F758D1 /* RGSingleLineView.swift */ = {isa = PBXFileReference; lastKnownFileType = sourcecode.swift; path = RGSingleLineView.swift; sourceTree = "<group>"; };
		EDD9CA742ACEA70A00F758D1 /* AnimatingShapesContentView.swift */ = {isa = PBXFileReference; lastKnownFileType = sourcecode.swift; path = AnimatingShapesContentView.swift; sourceTree = "<group>"; };
		EDD9CA772AD1676D00F758D1 /* ASHeartPulseView.swift */ = {isa = PBXFileReference; lastKnownFileType = sourcecode.swift; path = ASHeartPulseView.swift; sourceTree = "<group>"; };
		EDD9CA792AD1783800F758D1 /* ASPlayResetButton.swift */ = {isa = PBXFileReference; lastKnownFileType = sourcecode.swift; path = ASPlayResetButton.swift; sourceTree = "<group>"; };
		EDD9CA7B2AD180C300F758D1 /* ASSpinningView.swift */ = {isa = PBXFileReference; lastKnownFileType = sourcecode.swift; path = ASSpinningView.swift; sourceTree = "<group>"; };
		EDD9CA7D2AD1837100F758D1 /* ASExplodingView.swift */ = {isa = PBXFileReference; lastKnownFileType = sourcecode.swift; path = ASExplodingView.swift; sourceTree = "<group>"; };
		EDD9CA7F2AD185DA00F758D1 /* ASRollinRainbowView.swift */ = {isa = PBXFileReference; lastKnownFileType = sourcecode.swift; path = ASRollinRainbowView.swift; sourceTree = "<group>"; };
		EDD9CA812AD189D400F758D1 /* ASDragNDropDotsView.swift */ = {isa = PBXFileReference; lastKnownFileType = sourcecode.swift; path = ASDragNDropDotsView.swift; sourceTree = "<group>"; };
		EDD9CAC72AD41CF400F758D1 /* ASDancingDotsView.swift */ = {isa = PBXFileReference; lastKnownFileType = sourcecode.swift; path = ASDancingDotsView.swift; sourceTree = "<group>"; };
		EDD9CACA2AD42F4600F758D1 /* PreviewingCameraContentView.swift */ = {isa = PBXFileReference; lastKnownFileType = sourcecode.swift; path = PreviewingCameraContentView.swift; sourceTree = "<group>"; };
		EDD9CACE2AD42F7000F758D1 /* PCDataModel.swift */ = {isa = PBXFileReference; lastKnownFileType = sourcecode.swift; path = PCDataModel.swift; sourceTree = "<group>"; };
		EDD9CAEA2AD57D8E00F758D1 /* Camera.swift */ = {isa = PBXFileReference; lastKnownFileType = sourcecode.swift; path = Camera.swift; sourceTree = "<group>"; };
		EDD9CAED2AD581DE00F758D1 /* PhotoCollection.swift */ = {isa = PBXFileReference; lastKnownFileType = sourcecode.swift; path = PhotoCollection.swift; sourceTree = "<group>"; };
		EDD9CC452AE1590600F758D1 /* PhotoAssetCollection.swift */ = {isa = PBXFileReference; fileEncoding = 4; lastKnownFileType = sourcecode.swift; path = PhotoAssetCollection.swift; sourceTree = "<group>"; };
		EDD9CC472AE1592700F758D1 /* CachedImageManager.swift */ = {isa = PBXFileReference; fileEncoding = 4; lastKnownFileType = sourcecode.swift; path = CachedImageManager.swift; sourceTree = "<group>"; };
		EDD9CC492AE1593700F758D1 /* PhotoAsset.swift */ = {isa = PBXFileReference; fileEncoding = 4; lastKnownFileType = sourcecode.swift; path = PhotoAsset.swift; sourceTree = "<group>"; };
		EDD9CC4B2AE15B2700F758D1 /* PhotoLibrary.swift */ = {isa = PBXFileReference; fileEncoding = 4; lastKnownFileType = sourcecode.swift; path = PhotoLibrary.swift; sourceTree = "<group>"; };
		EDD9CC4D2AE15C8600F758D1 /* PCCameraView.swift */ = {isa = PBXFileReference; lastKnownFileType = sourcecode.swift; path = PCCameraView.swift; sourceTree = "<group>"; };
		EDD9CC4F2AE15DA700F758D1 /* PCViewfinderView.swift */ = {isa = PBXFileReference; lastKnownFileType = sourcecode.swift; path = PCViewfinderView.swift; sourceTree = "<group>"; };
/* End PBXFileReference section */

/* Begin PBXFrameworksBuildPhase section */
		ED42611C2AB03E31003113DE /* Frameworks */ = {
			isa = PBXFrameworksBuildPhase;
			buildActionMask = 2147483647;
			files = (
			);
			runOnlyForDeploymentPostprocessing = 0;
		};
		ED4261322AB03E32003113DE /* Frameworks */ = {
			isa = PBXFrameworksBuildPhase;
			buildActionMask = 2147483647;
			files = (
			);
			runOnlyForDeploymentPostprocessing = 0;
		};
		ED42613C2AB03E32003113DE /* Frameworks */ = {
			isa = PBXFrameworksBuildPhase;
			buildActionMask = 2147483647;
			files = (
			);
			runOnlyForDeploymentPostprocessing = 0;
		};
/* End PBXFrameworksBuildPhase section */

/* Begin PBXGroup section */
		ED0851122AB9C5CC007E123B /* AppleSwiftPackage */ = {
			isa = PBXGroup;
			children = (
				ED0851182AB9C604007E123B /* Navigation Apps */,
				ED0851192AB9C613007E123B /* Presenting Content */,
				ED08511A2AB9C622007E123B /* Retrieving Content from a Server */,
			);
			path = AppleSwiftPackage;
			sourceTree = "<group>";
		};
		ED0851182AB9C604007E123B /* Navigation Apps */ = {
			isa = PBXGroup;
			children = (
				ED0851332AB9C7B4007E123B /* About Me.swiftpm */,
				ED0851342AB9C7B4007E123B /* Choose Your Own Story.swiftpm */,
				ED0851352AB9C7B4007E123B /* Date Planner.swiftpm */,
			);
			path = "Navigation Apps";
			sourceTree = "<group>";
		};
		ED0851192AB9C613007E123B /* Presenting Content */ = {
			isa = PBXGroup;
			children = (
				ED08512D2AB9C7A4007E123B /* Editing Grids.swiftpm */,
				ED08512C2AB9C7A4007E123B /* Image Gallery.swiftpm */,
				ED08512E2AB9C7A4007E123B /* Laying Out Views.swiftpm */,
				ED08512B2AB9C7A4007E123B /* Organizing with Grids.swiftpm */,
			);
			path = "Presenting Content";
			sourceTree = "<group>";
		};
		ED08511A2AB9C622007E123B /* Retrieving Content from a Server */ = {
			isa = PBXGroup;
			children = (
				ED0851392AB9C7D7007E123B /* Meme Creator.swiftpm */,
			);
			path = "Retrieving Content from a Server";
			sourceTree = "<group>";
		};
		ED08513B2AB9CB90007E123B /* 8-ServerContent */ = {
			isa = PBXGroup;
			children = (
				ED08513E2AB9CBE1007E123B /* MemeCreatorContentView.swift */,
				ED0851412AB9CCBE007E123B /* Views */,
				ED0851402AB9CCBA007E123B /* Models */,
			);
			path = "8-ServerContent";
			sourceTree = "<group>";
		};
		ED0851402AB9CCBA007E123B /* Models */ = {
			isa = PBXGroup;
			children = (
				ED0851422AB9CCDC007E123B /* MMPandaCollectionFetcher.swift */,
				ED0851442AB9CE0A007E123B /* MMPanda.swift */,
			);
			path = Models;
			sourceTree = "<group>";
		};
		ED0851412AB9CCBE007E123B /* Views */ = {
			isa = PBXGroup;
			children = (
				ED0851482AB9D213007E123B /* MMMemeCreatorView.swift */,
				ED0851462AB9CFA0007E123B /* MMLoadableImageView.swift */,
			);
			path = Views;
			sourceTree = "<group>";
		};
		ED2F5F272AB46D3A0001BDBA /* Models */ = {
			isa = PBXGroup;
			children = (
				ED2F5F292AB46D560001BDBA /* IGDataModel.swift */,
				ED2F5F2B2AB5874A0001BDBA /* IGItem.swift */,
			);
			path = Models;
			sourceTree = "<group>";
		};
		ED2F5F282AB46D410001BDBA /* Views */ = {
			isa = PBXGroup;
			children = (
				ED2F5F5F2AB5D5EF0001BDBA /* IGGridView.swift */,
				ED2F5F302AB5CC4F0001BDBA /* IGGridItemView.swift */,
				ED2F5F632AB5F7690001BDBA /* IGImageDetailView.swift */,
				ED2F5F612AB5E3760001BDBA /* IGPhotoPickerView.swift */,
			);
			path = Views;
			sourceTree = "<group>";
		};
		ED2F5F2D2AB58FFB0001BDBA /* Extension */ = {
			isa = PBXGroup;
			children = (
				ED2F5F2E2AB590D30001BDBA /* FileManagerExtension.swift */,
			);
			path = Extension;
			sourceTree = "<group>";
		};
		ED2F5F322AB5CEEC0001BDBA /* Resources */ = {
			isa = PBXGroup;
			children = (
				ED2F5F332AB5CEEC0001BDBA /* groundSquirrel.jpg */,
				ED2F5F342AB5CEEC0001BDBA /* yellowBelliedMarmot.jpg */,
				ED2F5F352AB5CEEC0001BDBA /* bullTuleElkAndTwoFemales.jpg */,
				ED2F5F362AB5CEEC0001BDBA /* soaringTheRainbow.jpg */,
				ED2F5F372AB5CEEC0001BDBA /* harborSealPup.jpg */,
				ED2F5F382AB5CEEC0001BDBA /* grizzlyCubs.jpg */,
				ED2F5F392AB5CEEC0001BDBA /* redTailedHawk.jpg */,
				ED2F5F3A2AB5CEEC0001BDBA /* doubleRainbowLowerMammoth.jpg */,
				ED2F5F3B2AB5CEEC0001BDBA /* newGrowthOfAntlers.jpg */,
				ED2F5F3C2AB5CEEC0001BDBA /* harborSeal.jpg */,
				ED2F5F3D2AB5CEEC0001BDBA /* sunriseAtGrottoGeyser.jpg */,
				ED2F5F3E2AB5CEEC0001BDBA /* owlsAtMammoth.jpg */,
				ED2F5F3F2AB5CEEC0001BDBA /* heartSpring.jpg */,
				ED2F5F402AB5CEEC0001BDBA /* bobcat.jpg */,
				ED2F5F412AB5CEEC0001BDBA /* doubleRainbowYellowstone.jpg */,
				ED2F5F422AB5CEEC0001BDBA /* bullElk.jpg */,
				ED2F5F432AB5CEEC0001BDBA /* coyoteAndBison.jpg */,
				ED2F5F442AB5CEEC0001BDBA /* riverOtter.jpg */,
				ED2F5F452AB5CEEC0001BDBA /* bullElkSparring.jpg */,
				ED2F5F462AB5CEEC0001BDBA /* grizzly.jpg */,
				ED2F5F472AB5CEEC0001BDBA /* towerCreekBASIN.jpg */,
				ED2F5F482AB5CEEC0001BDBA /* rainbowAndBadlands.jpg */,
			);
			path = Resources;
			sourceTree = SOURCE_ROOT;
		};
		ED2F5F652AB615310001BDBA /* UI */ = {
			isa = PBXGroup;
			children = (
				ED2F5F662AB615480001BDBA /* TestContentView.swift */,
			);
			path = UI;
			sourceTree = "<group>";
		};
		ED2F5F682AB625770001BDBA /* 7-LayoutViews */ = {
			isa = PBXGroup;
			children = (
				ED2F5F6B2AB625CD0001BDBA /* LayoutContenView.swift */,
				ED2F5F6D2AB626F80001BDBA /* LVSizingView.swift */,
				ED2F5FB82AB87ACF0001BDBA /* LVAmazingAlignmentView.swift */,
				ED2F5FBE2AB880B20001BDBA /* LVPokerView.swift */,
				ED2F5FC02AB89C4F0001BDBA /* LVMoodView.swift */,
			);
			path = "7-LayoutViews";
			sourceTree = "<group>";
		};
		ED4261162AB03E31003113DE = {
			isa = PBXGroup;
			children = (
				ED4261212AB03E31003113DE /* AppsSample */,
				ED4261382AB03E32003113DE /* AppsSampleTests */,
				ED4261422AB03E32003113DE /* AppsSampleUITests */,
				ED4261202AB03E31003113DE /* Products */,
				ED9981152ABB23750047DC4B /* Frameworks */,
			);
			sourceTree = "<group>";
		};
		ED4261202AB03E31003113DE /* Products */ = {
			isa = PBXGroup;
			children = (
				ED42611F2AB03E31003113DE /* AppsSample.app */,
				ED4261352AB03E32003113DE /* AppsSampleTests.xctest */,
				ED42613F2AB03E32003113DE /* AppsSampleUITests.xctest */,
			);
			name = Products;
			sourceTree = "<group>";
		};
		ED4261212AB03E31003113DE /* AppsSample */ = {
			isa = PBXGroup;
			children = (
				ED4261222AB03E31003113DE /* AppsSampleApp.swift */,
				ED0851122AB9C5CC007E123B /* AppleSwiftPackage */,
				ED2F5F652AB615310001BDBA /* UI */,
				ED4261522AB03ED5003113DE /* 1-TabbedInterface */,
				ED4261632AB05193003113DE /* 2-CustomStory */,
				ED42616E2AB05922003113DE /* 3-DatePlanner */,
				ED42618C2AB3130F003113DE /* 4-ColorGrid */,
				ED4BBC412AB324E500DF2EAA /* 5-SymbolGrid */,
				ED4BBC4E2AB33AC200DF2EAA /* 6-ImageGallery */,
				ED2F5F682AB625770001BDBA /* 7-LayoutViews */,
				ED08513B2AB9CB90007E123B /* 8-ServerContent */,
				ED9981072ABB0DB10047DC4B /* 9-BubbleLevel */,
				ED7934F42ABC677500CB6A9F /* 10-Seismometer */,
				ED7935022ACE3CF200CB6A9F /* 11-RecognizingGestures  */,
				EDD9CA732ACE92EB00F758D1 /* 12-AnimatingShapes  */,
				EDD9CAC92AD42EE900F758D1 /* 13-PreviewingCamera */,
				ED4261262AB03E32003113DE /* Assets.xcassets */,
				ED4261302AB03E32003113DE /* Info.plist */,
				ED2F5F322AB5CEEC0001BDBA /* Resources */,
				ED42612D2AB03E32003113DE /* AppsSample.xcdatamodeld */,
				ED4261282AB03E32003113DE /* Preview Content */,
			);
			path = AppsSample;
			sourceTree = "<group>";
		};
		ED4261282AB03E32003113DE /* Preview Content */ = {
			isa = PBXGroup;
			children = (
				ED4261292AB03E32003113DE /* Preview Assets.xcassets */,
			);
			path = "Preview Content";
			sourceTree = "<group>";
		};
		ED4261382AB03E32003113DE /* AppsSampleTests */ = {
			isa = PBXGroup;
			children = (
				ED4261392AB03E32003113DE /* AppsSampleTests.swift */,
			);
			path = AppsSampleTests;
			sourceTree = "<group>";
		};
		ED4261422AB03E32003113DE /* AppsSampleUITests */ = {
			isa = PBXGroup;
			children = (
				ED4261432AB03E32003113DE /* AppsSampleUITests.swift */,
				ED4261452AB03E32003113DE /* AppsSampleUITestsLaunchTests.swift */,
			);
			path = AppsSampleUITests;
			sourceTree = "<group>";
		};
		ED4261522AB03ED5003113DE /* 1-TabbedInterface */ = {
			isa = PBXGroup;
			children = (
				ED4261552AB03F1C003113DE /* TabContentView.swift */,
				ED4261602AB041E7003113DE /* Views */,
				ED42615F2AB041DE003113DE /* Models */,
			);
			path = "1-TabbedInterface";
			sourceTree = "<group>";
		};
		ED42615F2AB041DE003113DE /* Models */ = {
			isa = PBXGroup;
			children = (
				ED4261612AB0420A003113DE /* TabData.swift */,
			);
			path = Models;
			sourceTree = "<group>";
		};
		ED4261602AB041E7003113DE /* Views */ = {
			isa = PBXGroup;
			children = (
				ED4261572AB03F6A003113DE /* TabHomeView.swift */,
				ED4261592AB04025003113DE /* TabStoryView.swift */,
				ED42615B2AB04033003113DE /* TabFavoritesView.swift */,
				ED42615D2AB0403F003113DE /* TabFunFactsView.swift */,
			);
			path = Views;
			sourceTree = "<group>";
		};
		ED4261632AB05193003113DE /* 2-CustomStory */ = {
			isa = PBXGroup;
			children = (
				ED4261642AB051E6003113DE /* StoryContentView.swift */,
				ED4261662AB05213003113DE /* Views */,
				ED4261672AB05218003113DE /* Models */,
			);
			path = "2-CustomStory";
			sourceTree = "<group>";
		};
		ED4261662AB05213003113DE /* Views */ = {
			isa = PBXGroup;
			children = (
				ED42616C2AB05535003113DE /* StoryPageView.swift */,
			);
			path = Views;
			sourceTree = "<group>";
		};
		ED4261672AB05218003113DE /* Models */ = {
			isa = PBXGroup;
			children = (
				ED42616A2AB054BD003113DE /* MyStory.swift */,
				ED4261682AB053E3003113DE /* StoryModels.swift */,
			);
			path = Models;
			sourceTree = "<group>";
		};
		ED42616E2AB05922003113DE /* 3-DatePlanner */ = {
			isa = PBXGroup;
			children = (
				ED42616F2AB05A7F003113DE /* PlannerContentView.swift */,
				ED4261712AB0666E003113DE /* Views */,
				ED4261722AB06674003113DE /* Models */,
			);
			path = "3-DatePlanner";
			sourceTree = "<group>";
		};
		ED4261712AB0666E003113DE /* Views */ = {
			isa = PBXGroup;
			children = (
				ED4261792AB08D28003113DE /* DPEventListView.swift */,
				ED4261882AB1D5E2003113DE /* DPEventRowView.swift */,
				ED4261802AB1A876003113DE /* DPEventEditorView.swift */,
				ED4261822AB1AAAB003113DE /* DPEventDetailView.swift */,
				ED4261862AB1B227003113DE /* DPTaskRowView.swift */,
				ED42618A2AB1DAA8003113DE /* DPSymbolPickerView.swift */,
			);
			path = Views;
			sourceTree = "<group>";
		};
		ED4261722AB06674003113DE /* Models */ = {
			isa = PBXGroup;
			children = (
				ED4261732AB06692003113DE /* DPEvent.swift */,
				ED4261772AB08507003113DE /* DPEventData.swift */,
				ED4261752AB06797003113DE /* DPEventTask.swift */,
				ED4261842AB1ABC9003113DE /* DPSFSymbolStyling.swift */,
			);
			path = Models;
			sourceTree = "<group>";
		};
		ED42618C2AB3130F003113DE /* 4-ColorGrid */ = {
			isa = PBXGroup;
			children = (
				ED42618E2AB3135D003113DE /* ColorGridContentView.swift */,
			);
			path = "4-ColorGrid";
			sourceTree = "<group>";
		};
		ED4BBC412AB324E500DF2EAA /* 5-SymbolGrid */ = {
			isa = PBXGroup;
			children = (
				ED4BBC422AB3252900DF2EAA /* SymbolGridContentView.swift */,
				ED4BBC442AB3254300DF2EAA /* Views */,
				ED4BBC472AB3257F00DF2EAA /* Models */,
			);
			path = "5-SymbolGrid";
			sourceTree = "<group>";
		};
		ED4BBC442AB3254300DF2EAA /* Views */ = {
			isa = PBXGroup;
			children = (
				ED4BBC452AB3255600DF2EAA /* SGSymbolGridView.swift */,
				ED4BBC4A2AB325E300DF2EAA /* SGSymbolDetailView.swift */,
				ED4BBC4C2AB3332100DF2EAA /* SGSymbolPickerView.swift */,
			);
			path = Views;
			sourceTree = "<group>";
		};
		ED4BBC472AB3257F00DF2EAA /* Models */ = {
			isa = PBXGroup;
			children = (
				ED4BBC482AB3259700DF2EAA /* SGSymbol.swift */,
			);
			path = Models;
			sourceTree = "<group>";
		};
		ED4BBC4E2AB33AC200DF2EAA /* 6-ImageGallery */ = {
			isa = PBXGroup;
			children = (
				ED4BBC532AB467EF00DF2EAA /* ImageGalleryContentView.swift */,
				ED2F5F282AB46D410001BDBA /* Views */,
				ED2F5F272AB46D3A0001BDBA /* Models */,
				ED2F5F2D2AB58FFB0001BDBA /* Extension */,
			);
			path = "6-ImageGallery";
			sourceTree = "<group>";
		};
		ED7934F42ABC677500CB6A9F /* 10-Seismometer */ = {
			isa = PBXGroup;
			children = (
				ED7934F52ABC679300CB6A9F /* SeismometerContentView.swift */,
				ED7934F72ABC679600CB6A9F /* Views */,
			);
			path = "10-Seismometer";
			sourceTree = "<group>";
		};
		ED7934F72ABC679600CB6A9F /* Views */ = {
			isa = PBXGroup;
			children = (
				ED7935002ABD3B5300CB6A9F /* SMSeismometerBrowserView.swift */,
				ED7934F82ABC67DD00CB6A9F /* SMNeedleSeismometerView.swift */,
				ED7934FA2ABC6AE000CB6A9F /* SMGaugeBackgroundView.swift */,
				ED7934FC2ABC6D7000CB6A9F /* SMGraphSeismometerView.swift */,
				ED7934FE2ABD325900CB6A9F /* SMLineGraphView.swift */,
			);
			path = Views;
			sourceTree = "<group>";
		};
		ED7935022ACE3CF200CB6A9F /* 11-RecognizingGestures  */ = {
			isa = PBXGroup;
			children = (
				ED7935032ACE3D0D00CB6A9F /* RecognizingGesturesContentView .swift */,
				ED7935052ACE3D1A00CB6A9F /* Views */,
			);
			path = "11-RecognizingGestures ";
			sourceTree = "<group>";
		};
		ED7935052ACE3D1A00CB6A9F /* Views */ = {
			isa = PBXGroup;
			children = (
				ED7935062ACE3D2F00CB6A9F /* RGTapView.swift */,
				ED79350A2ACE3F4400CB6A9F /* RGLongPressView.swift */,
				EDD9CA6D2ACE857500F758D1 /* RGDragView.swift */,
				EDD9CA6F2ACE87A700F758D1 /* RGRotateView.swift */,
				EDD9CA712ACE8DCD00F758D1 /* RGSingleLineView.swift */,
			);
			path = Views;
			sourceTree = "<group>";
		};
		ED9981072ABB0DB10047DC4B /* 9-BubbleLevel */ = {
			isa = PBXGroup;
			children = (
				ED9981082ABB0DD80047DC4B /* BubbleLevelContentView.swift */,
				ED99810B2ABB0DEC0047DC4B /* Views */,
				ED99810A2ABB0DE50047DC4B /* Models */,
			);
			path = "9-BubbleLevel";
			sourceTree = "<group>";
		};
		ED99810A2ABB0DE50047DC4B /* Models */ = {
			isa = PBXGroup;
			children = (
				ED99810E2ABB0E340047DC4B /* BLMotionDetector.swift */,
			);
			path = Models;
			sourceTree = "<group>";
		};
		ED99810B2ABB0DEC0047DC4B /* Views */ = {
			isa = PBXGroup;
			children = (
				ED9981132ABB1EBE0047DC4B /* BLLevelView.swift */,
				ED99810C2ABB0E080047DC4B /* BLBubbleLevelView.swift */,
				ED9981102ABB125F0047DC4B /* BLOrientationDataView.swift */,
			);
			path = Views;
			sourceTree = "<group>";
		};
		ED9981152ABB23750047DC4B /* Frameworks */ = {
			isa = PBXGroup;
			children = (
				ED9981162ABB23750047DC4B /* CoreMotion.framework */,
			);
			name = Frameworks;
			sourceTree = "<group>";
		};
		EDD9CA732ACE92EB00F758D1 /* 12-AnimatingShapes  */ = {
			isa = PBXGroup;
			children = (
				EDD9CA742ACEA70A00F758D1 /* AnimatingShapesContentView.swift */,
				EDD9CA762ACEA71000F758D1 /* Views */,
			);
			path = "12-AnimatingShapes ";
			sourceTree = "<group>";
		};
		EDD9CA762ACEA71000F758D1 /* Views */ = {
			isa = PBXGroup;
			children = (
				EDD9CA772AD1676D00F758D1 /* ASHeartPulseView.swift */,
				EDD9CA7B2AD180C300F758D1 /* ASSpinningView.swift */,
				EDD9CA7D2AD1837100F758D1 /* ASExplodingView.swift */,
				EDD9CA7F2AD185DA00F758D1 /* ASRollinRainbowView.swift */,
				EDD9CA812AD189D400F758D1 /* ASDragNDropDotsView.swift */,
				EDD9CAC72AD41CF400F758D1 /* ASDancingDotsView.swift */,
				EDD9CA792AD1783800F758D1 /* ASPlayResetButton.swift */,
			);
			path = Views;
			sourceTree = "<group>";
		};
		EDD9CAC92AD42EE900F758D1 /* 13-PreviewingCamera */ = {
			isa = PBXGroup;
			children = (
				EDD9CACA2AD42F4600F758D1 /* PreviewingCameraContentView.swift */,
				EDD9CAEC2AD57D9400F758D1 /* Tools */,
				EDD9CACC2AD42F4C00F758D1 /* Views */,
				EDD9CACD2AD42F5000F758D1 /* Modes */,
			);
			path = "13-PreviewingCamera";
			sourceTree = "<group>";
		};
		EDD9CACC2AD42F4C00F758D1 /* Views */ = {
			isa = PBXGroup;
			children = (
				EDD9CC4D2AE15C8600F758D1 /* PCCameraView.swift */,
				EDD9CC4F2AE15DA700F758D1 /* PCViewfinderView.swift */,
				EDC07D112AE69C680035692F /* PCThumbnailView.swift */,
				ED5037652AE75E420073D26A /* PCPhotoCollectionView.swift */,
				ED5037672AE7EEB50073D26A /* PCPhotoItemView.swift */,
				ED5037692AE7F38A0073D26A /* PCPhotoView.swift */,
			);
			path = Views;
			sourceTree = "<group>";
		};
		EDD9CACD2AD42F5000F758D1 /* Modes */ = {
			isa = PBXGroup;
			children = (
				EDD9CACE2AD42F7000F758D1 /* PCDataModel.swift */,
			);
			path = Modes;
			sourceTree = "<group>";
		};
		EDD9CAEC2AD57D9400F758D1 /* Tools */ = {
			isa = PBXGroup;
			children = (
				EDD9CAEA2AD57D8E00F758D1 /* Camera.swift */,
				EDD9CC492AE1593700F758D1 /* PhotoAsset.swift */,
				EDD9CAED2AD581DE00F758D1 /* PhotoCollection.swift */,
				EDD9CC452AE1590600F758D1 /* PhotoAssetCollection.swift */,
				EDD9CC472AE1592700F758D1 /* CachedImageManager.swift */,
				EDD9CC4B2AE15B2700F758D1 /* PhotoLibrary.swift */,
			);
			path = Tools;
			sourceTree = "<group>";
		};
/* End PBXGroup section */

/* Begin PBXNativeTarget section */
		ED42611E2AB03E31003113DE /* AppsSample */ = {
			isa = PBXNativeTarget;
			buildConfigurationList = ED4261492AB03E32003113DE /* Build configuration list for PBXNativeTarget "AppsSample" */;
			buildPhases = (
				ED42611B2AB03E31003113DE /* Sources */,
				ED42611C2AB03E31003113DE /* Frameworks */,
				ED42611D2AB03E31003113DE /* Resources */,
			);
			buildRules = (
			);
			dependencies = (
			);
			name = AppsSample;
			productName = AppsSample;
			productReference = ED42611F2AB03E31003113DE /* AppsSample.app */;
			productType = "com.apple.product-type.application";
		};
		ED4261342AB03E32003113DE /* AppsSampleTests */ = {
			isa = PBXNativeTarget;
			buildConfigurationList = ED42614C2AB03E32003113DE /* Build configuration list for PBXNativeTarget "AppsSampleTests" */;
			buildPhases = (
				ED4261312AB03E32003113DE /* Sources */,
				ED4261322AB03E32003113DE /* Frameworks */,
				ED4261332AB03E32003113DE /* Resources */,
			);
			buildRules = (
			);
			dependencies = (
				ED4261372AB03E32003113DE /* PBXTargetDependency */,
			);
			name = AppsSampleTests;
			productName = AppsSampleTests;
			productReference = ED4261352AB03E32003113DE /* AppsSampleTests.xctest */;
			productType = "com.apple.product-type.bundle.unit-test";
		};
		ED42613E2AB03E32003113DE /* AppsSampleUITests */ = {
			isa = PBXNativeTarget;
			buildConfigurationList = ED42614F2AB03E32003113DE /* Build configuration list for PBXNativeTarget "AppsSampleUITests" */;
			buildPhases = (
				ED42613B2AB03E32003113DE /* Sources */,
				ED42613C2AB03E32003113DE /* Frameworks */,
				ED42613D2AB03E32003113DE /* Resources */,
			);
			buildRules = (
			);
			dependencies = (
				ED4261412AB03E32003113DE /* PBXTargetDependency */,
			);
			name = AppsSampleUITests;
			productName = AppsSampleUITests;
			productReference = ED42613F2AB03E32003113DE /* AppsSampleUITests.xctest */;
			productType = "com.apple.product-type.bundle.ui-testing";
		};
/* End PBXNativeTarget section */

/* Begin PBXProject section */
		ED4261172AB03E31003113DE /* Project object */ = {
			isa = PBXProject;
			attributes = {
				BuildIndependentTargetsInParallel = 1;
				LastSwiftUpdateCheck = 1420;
				LastUpgradeCheck = 1420;
				TargetAttributes = {
					ED42611E2AB03E31003113DE = {
						CreatedOnToolsVersion = 14.2;
					};
					ED4261342AB03E32003113DE = {
						CreatedOnToolsVersion = 14.2;
						TestTargetID = ED42611E2AB03E31003113DE;
					};
					ED42613E2AB03E32003113DE = {
						CreatedOnToolsVersion = 14.2;
						TestTargetID = ED42611E2AB03E31003113DE;
					};
				};
			};
			buildConfigurationList = ED42611A2AB03E31003113DE /* Build configuration list for PBXProject "AppsSample" */;
			compatibilityVersion = "Xcode 14.0";
			developmentRegion = en;
			hasScannedForEncodings = 0;
			knownRegions = (
				en,
				Base,
			);
			mainGroup = ED4261162AB03E31003113DE;
			productRefGroup = ED4261202AB03E31003113DE /* Products */;
			projectDirPath = "";
			projectRoot = "";
			targets = (
				ED42611E2AB03E31003113DE /* AppsSample */,
				ED4261342AB03E32003113DE /* AppsSampleTests */,
				ED42613E2AB03E32003113DE /* AppsSampleUITests */,
			);
		};
/* End PBXProject section */

/* Begin PBXResourcesBuildPhase section */
		ED42611D2AB03E31003113DE /* Resources */ = {
			isa = PBXResourcesBuildPhase;
			buildActionMask = 2147483647;
			files = (
				ED08513A2AB9C7D7007E123B /* Meme Creator.swiftpm in Resources */,
				ED2F5F4C2AB5CEEC0001BDBA /* soaringTheRainbow.jpg in Resources */,
				ED2F5F492AB5CEEC0001BDBA /* groundSquirrel.jpg in Resources */,
				ED0851362AB9C7B4007E123B /* About Me.swiftpm in Resources */,
				ED2F5F552AB5CEEC0001BDBA /* heartSpring.jpg in Resources */,
				ED0851312AB9C7A4007E123B /* Editing Grids.swiftpm in Resources */,
				ED2F5F5A2AB5CEEC0001BDBA /* riverOtter.jpg in Resources */,
				ED2F5F4B2AB5CEEC0001BDBA /* bullTuleElkAndTwoFemales.jpg in Resources */,
				ED2F5F562AB5CEEC0001BDBA /* bobcat.jpg in Resources */,
				ED2F5F592AB5CEEC0001BDBA /* coyoteAndBison.jpg in Resources */,
				ED2F5F5B2AB5CEEC0001BDBA /* bullElkSparring.jpg in Resources */,
				ED2F5F582AB5CEEC0001BDBA /* bullElk.jpg in Resources */,
				ED2F5F542AB5CEEC0001BDBA /* owlsAtMammoth.jpg in Resources */,
				ED2F5F512AB5CEEC0001BDBA /* newGrowthOfAntlers.jpg in Resources */,
				ED08512F2AB9C7A4007E123B /* Organizing with Grids.swiftpm in Resources */,
				ED0851302AB9C7A4007E123B /* Image Gallery.swiftpm in Resources */,
				ED2F5F5C2AB5CEEC0001BDBA /* grizzly.jpg in Resources */,
				ED0851322AB9C7A4007E123B /* Laying Out Views.swiftpm in Resources */,
				ED2F5F532AB5CEEC0001BDBA /* sunriseAtGrottoGeyser.jpg in Resources */,
				ED2F5F5D2AB5CEEC0001BDBA /* towerCreekBASIN.jpg in Resources */,
				ED2F5F4F2AB5CEEC0001BDBA /* redTailedHawk.jpg in Resources */,
				ED0851372AB9C7B4007E123B /* Choose Your Own Story.swiftpm in Resources */,
				ED42612A2AB03E32003113DE /* Preview Assets.xcassets in Resources */,
				ED2F5F572AB5CEEC0001BDBA /* doubleRainbowYellowstone.jpg in Resources */,
				ED4261272AB03E32003113DE /* Assets.xcassets in Resources */,
				ED2F5F4A2AB5CEEC0001BDBA /* yellowBelliedMarmot.jpg in Resources */,
				ED2F5F5E2AB5CEEC0001BDBA /* rainbowAndBadlands.jpg in Resources */,
				ED2F5F522AB5CEEC0001BDBA /* harborSeal.jpg in Resources */,
				ED2F5F502AB5CEEC0001BDBA /* doubleRainbowLowerMammoth.jpg in Resources */,
				ED2F5F4E2AB5CEEC0001BDBA /* grizzlyCubs.jpg in Resources */,
				ED0851382AB9C7B4007E123B /* Date Planner.swiftpm in Resources */,
				ED2F5F4D2AB5CEEC0001BDBA /* harborSealPup.jpg in Resources */,
			);
			runOnlyForDeploymentPostprocessing = 0;
		};
		ED4261332AB03E32003113DE /* Resources */ = {
			isa = PBXResourcesBuildPhase;
			buildActionMask = 2147483647;
			files = (
			);
			runOnlyForDeploymentPostprocessing = 0;
		};
		ED42613D2AB03E32003113DE /* Resources */ = {
			isa = PBXResourcesBuildPhase;
			buildActionMask = 2147483647;
			files = (
			);
			runOnlyForDeploymentPostprocessing = 0;
		};
/* End PBXResourcesBuildPhase section */

/* Begin PBXSourcesBuildPhase section */
		ED42611B2AB03E31003113DE /* Sources */ = {
			isa = PBXSourcesBuildPhase;
			buildActionMask = 2147483647;
			files = (
				ED2F5F2A2AB46D560001BDBA /* IGDataModel.swift in Sources */,
				ED42618F2AB3135D003113DE /* ColorGridContentView.swift in Sources */,
				ED4261582AB03F6A003113DE /* TabHomeView.swift in Sources */,
				ED42617A2AB08D28003113DE /* DPEventListView.swift in Sources */,
				ED7935072ACE3D2F00CB6A9F /* RGTapView.swift in Sources */,
				ED4261622AB0420A003113DE /* TabData.swift in Sources */,
				ED4261742AB06692003113DE /* DPEvent.swift in Sources */,
				EDD9CC482AE1592700F758D1 /* CachedImageManager.swift in Sources */,
				ED2F5F2C2AB5874A0001BDBA /* IGItem.swift in Sources */,
				ED0851432AB9CCDC007E123B /* MMPandaCollectionFetcher.swift in Sources */,
				ED4BBC4B2AB325E300DF2EAA /* SGSymbolDetailView.swift in Sources */,
				ED9981112ABB125F0047DC4B /* BLOrientationDataView.swift in Sources */,
				EDD9CA7A2AD1783800F758D1 /* ASPlayResetButton.swift in Sources */,
				EDD9CC4C2AE15B2700F758D1 /* PhotoLibrary.swift in Sources */,
				EDD9CAEB2AD57D8E00F758D1 /* Camera.swift in Sources */,
				EDD9CC462AE1590600F758D1 /* PhotoAssetCollection.swift in Sources */,
				ED4261652AB051E6003113DE /* StoryContentView.swift in Sources */,
				EDD9CA752ACEA70A00F758D1 /* AnimatingShapesContentView.swift in Sources */,
				EDD9CA822AD189D400F758D1 /* ASDragNDropDotsView.swift in Sources */,
				ED4BBC492AB3259700DF2EAA /* SGSymbol.swift in Sources */,
				ED7935012ABD3B5300CB6A9F /* SMSeismometerBrowserView.swift in Sources */,
				ED0851492AB9D213007E123B /* MMMemeCreatorView.swift in Sources */,
				ED42612F2AB03E32003113DE /* AppsSample.xcdatamodeld in Sources */,
				EDD9CA702ACE87A700F758D1 /* RGRotateView.swift in Sources */,
				ED42616B2AB054BD003113DE /* MyStory.swift in Sources */,
				ED9981142ABB1EBE0047DC4B /* BLLevelView.swift in Sources */,
				ED2F5F602AB5D5EF0001BDBA /* IGGridView.swift in Sources */,
				ED9981092ABB0DD80047DC4B /* BubbleLevelContentView.swift in Sources */,
				ED7934F62ABC679300CB6A9F /* SeismometerContentView.swift in Sources */,
				ED4BBC462AB3255600DF2EAA /* SGSymbolGridView.swift in Sources */,
				ED2F5F6E2AB626F80001BDBA /* LVSizingView.swift in Sources */,
				ED4261812AB1A876003113DE /* DPEventEditorView.swift in Sources */,
				ED7934FF2ABD325900CB6A9F /* SMLineGraphView.swift in Sources */,
				ED42615C2AB04033003113DE /* TabFavoritesView.swift in Sources */,
				ED08513F2AB9CBE1007E123B /* MemeCreatorContentView.swift in Sources */,
				ED99810F2ABB0E340047DC4B /* BLMotionDetector.swift in Sources */,
				EDD9CA6E2ACE857500F758D1 /* RGDragView.swift in Sources */,
				ED2F5F672AB615480001BDBA /* TestContentView.swift in Sources */,
				ED2F5F312AB5CC4F0001BDBA /* IGGridItemView.swift in Sources */,
				ED4261692AB053E3003113DE /* StoryModels.swift in Sources */,
				ED4261762AB06797003113DE /* DPEventTask.swift in Sources */,
				ED5037682AE7EEB50073D26A /* PCPhotoItemView.swift in Sources */,
				EDD9CA722ACE8DCD00F758D1 /* RGSingleLineView.swift in Sources */,
				ED4BBC432AB3252900DF2EAA /* SymbolGridContentView.swift in Sources */,
				ED42616D2AB05535003113DE /* StoryPageView.swift in Sources */,
				EDD9CACF2AD42F7000F758D1 /* PCDataModel.swift in Sources */,
				EDD9CC502AE15DA700F758D1 /* PCViewfinderView.swift in Sources */,
				EDD9CA802AD185DA00F758D1 /* ASRollinRainbowView.swift in Sources */,
				EDD9CAC82AD41CF400F758D1 /* ASDancingDotsView.swift in Sources */,
				ED2F5F2F2AB590D30001BDBA /* FileManagerExtension.swift in Sources */,
				ED7934FD2ABC6D7000CB6A9F /* SMGraphSeismometerView.swift in Sources */,
				EDD9CA782AD1676D00F758D1 /* ASHeartPulseView.swift in Sources */,
				ED4BBC4D2AB3332100DF2EAA /* SGSymbolPickerView.swift in Sources */,
				EDD9CA7E2AD1837100F758D1 /* ASExplodingView.swift in Sources */,
				ED99810D2ABB0E080047DC4B /* BLBubbleLevelView.swift in Sources */,
				ED7934FB2ABC6AE000CB6A9F /* SMGaugeBackgroundView.swift in Sources */,
				EDD9CC4A2AE1593700F758D1 /* PhotoAsset.swift in Sources */,
				EDD9CAEE2AD581DE00F758D1 /* PhotoCollection.swift in Sources */,
				ED7934F92ABC67DD00CB6A9F /* SMNeedleSeismometerView.swift in Sources */,
				EDC07D122AE69C680035692F /* PCThumbnailView.swift in Sources */,
				ED4261702AB05A7F003113DE /* PlannerContentView.swift in Sources */,
				ED2F5F642AB5F7690001BDBA /* IGImageDetailView.swift in Sources */,
				ED4BBC542AB467EF00DF2EAA /* ImageGalleryContentView.swift in Sources */,
				ED0851472AB9CFA0007E123B /* MMLoadableImageView.swift in Sources */,
				EDD9CA7C2AD180C300F758D1 /* ASSpinningView.swift in Sources */,
				ED0851452AB9CE0A007E123B /* MMPanda.swift in Sources */,
				ED2F5F622AB5E3760001BDBA /* IGPhotoPickerView.swift in Sources */,
				ED42615A2AB04025003113DE /* TabStoryView.swift in Sources */,
				ED4261892AB1D5E2003113DE /* DPEventRowView.swift in Sources */,
				ED4261872AB1B227003113DE /* DPTaskRowView.swift in Sources */,
				ED2F5FBF2AB880B20001BDBA /* LVPokerView.swift in Sources */,
				EDD9CC4E2AE15C8600F758D1 /* PCCameraView.swift in Sources */,
				ED2F5FC12AB89C4F0001BDBA /* LVMoodView.swift in Sources */,
				ED2F5FB92AB87AD00001BDBA /* LVAmazingAlignmentView.swift in Sources */,
				ED4261782AB08507003113DE /* DPEventData.swift in Sources */,
				ED2F5F6C2AB625CD0001BDBA /* LayoutContenView.swift in Sources */,
				ED50376A2AE7F38A0073D26A /* PCPhotoView.swift in Sources */,
				ED4261852AB1ABC9003113DE /* DPSFSymbolStyling.swift in Sources */,
				ED42618B2AB1DAA8003113DE /* DPSymbolPickerView.swift in Sources */,
				EDD9CACB2AD42F4600F758D1 /* PreviewingCameraContentView.swift in Sources */,
				ED4261562AB03F1C003113DE /* TabContentView.swift in Sources */,
				ED5037662AE75E420073D26A /* PCPhotoCollectionView.swift in Sources */,
				ED42615E2AB0403F003113DE /* TabFunFactsView.swift in Sources */,
				ED4261832AB1AAAB003113DE /* DPEventDetailView.swift in Sources */,
				ED4261232AB03E31003113DE /* AppsSampleApp.swift in Sources */,
				ED7935042ACE3D0D00CB6A9F /* RecognizingGesturesContentView .swift in Sources */,
				ED79350B2ACE3F4400CB6A9F /* RGLongPressView.swift in Sources */,
			);
			runOnlyForDeploymentPostprocessing = 0;
		};
		ED4261312AB03E32003113DE /* Sources */ = {
			isa = PBXSourcesBuildPhase;
			buildActionMask = 2147483647;
			files = (
				ED42613A2AB03E32003113DE /* AppsSampleTests.swift in Sources */,
			);
			runOnlyForDeploymentPostprocessing = 0;
		};
		ED42613B2AB03E32003113DE /* Sources */ = {
			isa = PBXSourcesBuildPhase;
			buildActionMask = 2147483647;
			files = (
				ED4261462AB03E32003113DE /* AppsSampleUITestsLaunchTests.swift in Sources */,
				ED4261442AB03E32003113DE /* AppsSampleUITests.swift in Sources */,
			);
			runOnlyForDeploymentPostprocessing = 0;
		};
/* End PBXSourcesBuildPhase section */

/* Begin PBXTargetDependency section */
		ED4261372AB03E32003113DE /* PBXTargetDependency */ = {
			isa = PBXTargetDependency;
			target = ED42611E2AB03E31003113DE /* AppsSample */;
			targetProxy = ED4261362AB03E32003113DE /* PBXContainerItemProxy */;
		};
		ED4261412AB03E32003113DE /* PBXTargetDependency */ = {
			isa = PBXTargetDependency;
			target = ED42611E2AB03E31003113DE /* AppsSample */;
			targetProxy = ED4261402AB03E32003113DE /* PBXContainerItemProxy */;
		};
/* End PBXTargetDependency section */

/* Begin XCBuildConfiguration section */
		ED4261472AB03E32003113DE /* Debug */ = {
			isa = XCBuildConfiguration;
			buildSettings = {
				ALWAYS_SEARCH_USER_PATHS = NO;
				CLANG_ANALYZER_NONNULL = YES;
				CLANG_ANALYZER_NUMBER_OBJECT_CONVERSION = YES_AGGRESSIVE;
				CLANG_CXX_LANGUAGE_STANDARD = "gnu++20";
				CLANG_ENABLE_MODULES = YES;
				CLANG_ENABLE_OBJC_ARC = YES;
				CLANG_ENABLE_OBJC_WEAK = YES;
				CLANG_WARN_BLOCK_CAPTURE_AUTORELEASING = YES;
				CLANG_WARN_BOOL_CONVERSION = YES;
				CLANG_WARN_COMMA = YES;
				CLANG_WARN_CONSTANT_CONVERSION = YES;
				CLANG_WARN_DEPRECATED_OBJC_IMPLEMENTATIONS = YES;
				CLANG_WARN_DIRECT_OBJC_ISA_USAGE = YES_ERROR;
				CLANG_WARN_DOCUMENTATION_COMMENTS = YES;
				CLANG_WARN_EMPTY_BODY = YES;
				CLANG_WARN_ENUM_CONVERSION = YES;
				CLANG_WARN_INFINITE_RECURSION = YES;
				CLANG_WARN_INT_CONVERSION = YES;
				CLANG_WARN_NON_LITERAL_NULL_CONVERSION = YES;
				CLANG_WARN_OBJC_IMPLICIT_RETAIN_SELF = YES;
				CLANG_WARN_OBJC_LITERAL_CONVERSION = YES;
				CLANG_WARN_OBJC_ROOT_CLASS = YES_ERROR;
				CLANG_WARN_QUOTED_INCLUDE_IN_FRAMEWORK_HEADER = YES;
				CLANG_WARN_RANGE_LOOP_ANALYSIS = YES;
				CLANG_WARN_STRICT_PROTOTYPES = YES;
				CLANG_WARN_SUSPICIOUS_MOVE = YES;
				CLANG_WARN_UNGUARDED_AVAILABILITY = YES_AGGRESSIVE;
				CLANG_WARN_UNREACHABLE_CODE = YES;
				CLANG_WARN__DUPLICATE_METHOD_MATCH = YES;
				COPY_PHASE_STRIP = NO;
				DEBUG_INFORMATION_FORMAT = dwarf;
				ENABLE_STRICT_OBJC_MSGSEND = YES;
				ENABLE_TESTABILITY = YES;
				GCC_C_LANGUAGE_STANDARD = gnu11;
				GCC_DYNAMIC_NO_PIC = NO;
				GCC_NO_COMMON_BLOCKS = YES;
				GCC_OPTIMIZATION_LEVEL = 0;
				GCC_PREPROCESSOR_DEFINITIONS = (
					"DEBUG=1",
					"$(inherited)",
				);
				GCC_WARN_64_TO_32_BIT_CONVERSION = YES;
				GCC_WARN_ABOUT_RETURN_TYPE = YES_ERROR;
				GCC_WARN_UNDECLARED_SELECTOR = YES;
				GCC_WARN_UNINITIALIZED_AUTOS = YES_AGGRESSIVE;
				GCC_WARN_UNUSED_FUNCTION = YES;
				GCC_WARN_UNUSED_VARIABLE = YES;
				IPHONEOS_DEPLOYMENT_TARGET = 16.2;
				MTL_ENABLE_DEBUG_INFO = INCLUDE_SOURCE;
				MTL_FAST_MATH = YES;
				ONLY_ACTIVE_ARCH = YES;
				SDKROOT = iphoneos;
				SWIFT_ACTIVE_COMPILATION_CONDITIONS = DEBUG;
				SWIFT_OPTIMIZATION_LEVEL = "-Onone";
			};
			name = Debug;
		};
		ED4261482AB03E32003113DE /* Release */ = {
			isa = XCBuildConfiguration;
			buildSettings = {
				ALWAYS_SEARCH_USER_PATHS = NO;
				CLANG_ANALYZER_NONNULL = YES;
				CLANG_ANALYZER_NUMBER_OBJECT_CONVERSION = YES_AGGRESSIVE;
				CLANG_CXX_LANGUAGE_STANDARD = "gnu++20";
				CLANG_ENABLE_MODULES = YES;
				CLANG_ENABLE_OBJC_ARC = YES;
				CLANG_ENABLE_OBJC_WEAK = YES;
				CLANG_WARN_BLOCK_CAPTURE_AUTORELEASING = YES;
				CLANG_WARN_BOOL_CONVERSION = YES;
				CLANG_WARN_COMMA = YES;
				CLANG_WARN_CONSTANT_CONVERSION = YES;
				CLANG_WARN_DEPRECATED_OBJC_IMPLEMENTATIONS = YES;
				CLANG_WARN_DIRECT_OBJC_ISA_USAGE = YES_ERROR;
				CLANG_WARN_DOCUMENTATION_COMMENTS = YES;
				CLANG_WARN_EMPTY_BODY = YES;
				CLANG_WARN_ENUM_CONVERSION = YES;
				CLANG_WARN_INFINITE_RECURSION = YES;
				CLANG_WARN_INT_CONVERSION = YES;
				CLANG_WARN_NON_LITERAL_NULL_CONVERSION = YES;
				CLANG_WARN_OBJC_IMPLICIT_RETAIN_SELF = YES;
				CLANG_WARN_OBJC_LITERAL_CONVERSION = YES;
				CLANG_WARN_OBJC_ROOT_CLASS = YES_ERROR;
				CLANG_WARN_QUOTED_INCLUDE_IN_FRAMEWORK_HEADER = YES;
				CLANG_WARN_RANGE_LOOP_ANALYSIS = YES;
				CLANG_WARN_STRICT_PROTOTYPES = YES;
				CLANG_WARN_SUSPICIOUS_MOVE = YES;
				CLANG_WARN_UNGUARDED_AVAILABILITY = YES_AGGRESSIVE;
				CLANG_WARN_UNREACHABLE_CODE = YES;
				CLANG_WARN__DUPLICATE_METHOD_MATCH = YES;
				COPY_PHASE_STRIP = NO;
				DEBUG_INFORMATION_FORMAT = "dwarf-with-dsym";
				ENABLE_NS_ASSERTIONS = NO;
				ENABLE_STRICT_OBJC_MSGSEND = YES;
				GCC_C_LANGUAGE_STANDARD = gnu11;
				GCC_NO_COMMON_BLOCKS = YES;
				GCC_WARN_64_TO_32_BIT_CONVERSION = YES;
				GCC_WARN_ABOUT_RETURN_TYPE = YES_ERROR;
				GCC_WARN_UNDECLARED_SELECTOR = YES;
				GCC_WARN_UNINITIALIZED_AUTOS = YES_AGGRESSIVE;
				GCC_WARN_UNUSED_FUNCTION = YES;
				GCC_WARN_UNUSED_VARIABLE = YES;
				IPHONEOS_DEPLOYMENT_TARGET = 16.2;
				MTL_ENABLE_DEBUG_INFO = NO;
				MTL_FAST_MATH = YES;
				SDKROOT = iphoneos;
				SWIFT_COMPILATION_MODE = wholemodule;
				SWIFT_OPTIMIZATION_LEVEL = "-O";
				VALIDATE_PRODUCT = YES;
			};
			name = Release;
		};
		ED42614A2AB03E32003113DE /* Debug */ = {
			isa = XCBuildConfiguration;
			buildSettings = {
				ASSETCATALOG_COMPILER_APPICON_NAME = AppIcon;
				ASSETCATALOG_COMPILER_GLOBAL_ACCENT_COLOR_NAME = AccentColor;
				CODE_SIGN_STYLE = Automatic;
				CURRENT_PROJECT_VERSION = 1;
				DEVELOPMENT_ASSET_PATHS = "\"AppsSample/Preview Content\"";
				DEVELOPMENT_TEAM = B9842T9339;
				ENABLE_PREVIEWS = YES;
				GENERATE_INFOPLIST_FILE = YES;
				INFOPLIST_KEY_NSCameraUsageDescription = "相机";
				INFOPLIST_KEY_NSPhotoLibraryAddUsageDescription = "相册";
				INFOPLIST_KEY_NSPhotoLibraryUsageDescription = "相册";
				INFOPLIST_KEY_UIApplicationSceneManifest_Generation = YES;
				INFOPLIST_KEY_UIApplicationSupportsIndirectInputEvents = YES;
				INFOPLIST_KEY_UILaunchScreen_Generation = YES;
				INFOPLIST_KEY_UISupportedInterfaceOrientations_iPad = "UIInterfaceOrientationPortrait UIInterfaceOrientationPortraitUpsideDown UIInterfaceOrientationLandscapeLeft UIInterfaceOrientationLandscapeRight";
				INFOPLIST_KEY_UISupportedInterfaceOrientations_iPhone = "UIInterfaceOrientationPortrait UIInterfaceOrientationLandscapeLeft UIInterfaceOrientationLandscapeRight";
				LD_RUNPATH_SEARCH_PATHS = (
					"$(inherited)",
					"@executable_path/Frameworks",
				);
				MARKETING_VERSION = 1.0;
				PRODUCT_BUNDLE_IDENTIFIER = com.sail.AppsSample;
				PRODUCT_NAME = "$(TARGET_NAME)";
				SWIFT_EMIT_LOC_STRINGS = YES;
				SWIFT_VERSION = 5.0;
				TARGETED_DEVICE_FAMILY = "1,2";
			};
			name = Debug;
		};
		ED42614B2AB03E32003113DE /* Release */ = {
			isa = XCBuildConfiguration;
			buildSettings = {
				ASSETCATALOG_COMPILER_APPICON_NAME = AppIcon;
				ASSETCATALOG_COMPILER_GLOBAL_ACCENT_COLOR_NAME = AccentColor;
				CODE_SIGN_STYLE = Automatic;
				CURRENT_PROJECT_VERSION = 1;
				DEVELOPMENT_ASSET_PATHS = "\"AppsSample/Preview Content\"";
				DEVELOPMENT_TEAM = B9842T9339;
				ENABLE_PREVIEWS = YES;
				GENERATE_INFOPLIST_FILE = YES;
				INFOPLIST_KEY_NSCameraUsageDescription = "相机";
				INFOPLIST_KEY_NSPhotoLibraryAddUsageDescription = "相册";
				INFOPLIST_KEY_NSPhotoLibraryUsageDescription = "相册";
				INFOPLIST_KEY_UIApplicationSceneManifest_Generation = YES;
				INFOPLIST_KEY_UIApplicationSupportsIndirectInputEvents = YES;
				INFOPLIST_KEY_UILaunchScreen_Generation = YES;
				INFOPLIST_KEY_UISupportedInterfaceOrientations_iPad = "UIInterfaceOrientationPortrait UIInterfaceOrientationPortraitUpsideDown UIInterfaceOrientationLandscapeLeft UIInterfaceOrientationLandscapeRight";
				INFOPLIST_KEY_UISupportedInterfaceOrientations_iPhone = "UIInterfaceOrientationPortrait UIInterfaceOrientationLandscapeLeft UIInterfaceOrientationLandscapeRight";
				LD_RUNPATH_SEARCH_PATHS = (
					"$(inherited)",
					"@executable_path/Frameworks",
				);
				MARKETING_VERSION = 1.0;
				PRODUCT_BUNDLE_IDENTIFIER = com.sail.AppsSample;
				PRODUCT_NAME = "$(TARGET_NAME)";
				SWIFT_EMIT_LOC_STRINGS = YES;
				SWIFT_VERSION = 5.0;
				TARGETED_DEVICE_FAMILY = "1,2";
			};
			name = Release;
		};
		ED42614D2AB03E32003113DE /* Debug */ = {
			isa = XCBuildConfiguration;
			buildSettings = {
				ALWAYS_EMBED_SWIFT_STANDARD_LIBRARIES = YES;
				BUNDLE_LOADER = "$(TEST_HOST)";
				CODE_SIGN_STYLE = Automatic;
				CURRENT_PROJECT_VERSION = 1;
				DEVELOPMENT_TEAM = B9842T9339;
				GENERATE_INFOPLIST_FILE = YES;
				IPHONEOS_DEPLOYMENT_TARGET = 16.2;
				MARKETING_VERSION = 1.0;
				PRODUCT_BUNDLE_IDENTIFIER = com.sail.AppsSampleTests;
				PRODUCT_NAME = "$(TARGET_NAME)";
				SWIFT_EMIT_LOC_STRINGS = NO;
				SWIFT_VERSION = 5.0;
				TARGETED_DEVICE_FAMILY = "1,2";
				TEST_HOST = "$(BUILT_PRODUCTS_DIR)/AppsSample.app/$(BUNDLE_EXECUTABLE_FOLDER_PATH)/AppsSample";
			};
			name = Debug;
		};
		ED42614E2AB03E32003113DE /* Release */ = {
			isa = XCBuildConfiguration;
			buildSettings = {
				ALWAYS_EMBED_SWIFT_STANDARD_LIBRARIES = YES;
				BUNDLE_LOADER = "$(TEST_HOST)";
				CODE_SIGN_STYLE = Automatic;
				CURRENT_PROJECT_VERSION = 1;
				DEVELOPMENT_TEAM = B9842T9339;
				GENERATE_INFOPLIST_FILE = YES;
				IPHONEOS_DEPLOYMENT_TARGET = 16.2;
				MARKETING_VERSION = 1.0;
				PRODUCT_BUNDLE_IDENTIFIER = com.sail.AppsSampleTests;
				PRODUCT_NAME = "$(TARGET_NAME)";
				SWIFT_EMIT_LOC_STRINGS = NO;
				SWIFT_VERSION = 5.0;
				TARGETED_DEVICE_FAMILY = "1,2";
				TEST_HOST = "$(BUILT_PRODUCTS_DIR)/AppsSample.app/$(BUNDLE_EXECUTABLE_FOLDER_PATH)/AppsSample";
			};
			name = Release;
		};
		ED4261502AB03E32003113DE /* Debug */ = {
			isa = XCBuildConfiguration;
			buildSettings = {
				ALWAYS_EMBED_SWIFT_STANDARD_LIBRARIES = YES;
				CODE_SIGN_STYLE = Automatic;
				CURRENT_PROJECT_VERSION = 1;
				DEVELOPMENT_TEAM = B9842T9339;
				GENERATE_INFOPLIST_FILE = YES;
				MARKETING_VERSION = 1.0;
				PRODUCT_BUNDLE_IDENTIFIER = com.sail.AppsSampleUITests;
				PRODUCT_NAME = "$(TARGET_NAME)";
				SWIFT_EMIT_LOC_STRINGS = NO;
				SWIFT_VERSION = 5.0;
				TARGETED_DEVICE_FAMILY = "1,2";
				TEST_TARGET_NAME = AppsSample;
			};
			name = Debug;
		};
		ED4261512AB03E32003113DE /* Release */ = {
			isa = XCBuildConfiguration;
			buildSettings = {
				ALWAYS_EMBED_SWIFT_STANDARD_LIBRARIES = YES;
				CODE_SIGN_STYLE = Automatic;
				CURRENT_PROJECT_VERSION = 1;
				DEVELOPMENT_TEAM = B9842T9339;
				GENERATE_INFOPLIST_FILE = YES;
				MARKETING_VERSION = 1.0;
				PRODUCT_BUNDLE_IDENTIFIER = com.sail.AppsSampleUITests;
				PRODUCT_NAME = "$(TARGET_NAME)";
				SWIFT_EMIT_LOC_STRINGS = NO;
				SWIFT_VERSION = 5.0;
				TARGETED_DEVICE_FAMILY = "1,2";
				TEST_TARGET_NAME = AppsSample;
			};
			name = Release;
		};
/* End XCBuildConfiguration section */

/* Begin XCConfigurationList section */
		ED42611A2AB03E31003113DE /* Build configuration list for PBXProject "AppsSample" */ = {
			isa = XCConfigurationList;
			buildConfigurations = (
				ED4261472AB03E32003113DE /* Debug */,
				ED4261482AB03E32003113DE /* Release */,
			);
			defaultConfigurationIsVisible = 0;
			defaultConfigurationName = Release;
		};
		ED4261492AB03E32003113DE /* Build configuration list for PBXNativeTarget "AppsSample" */ = {
			isa = XCConfigurationList;
			buildConfigurations = (
				ED42614A2AB03E32003113DE /* Debug */,
				ED42614B2AB03E32003113DE /* Release */,
			);
			defaultConfigurationIsVisible = 0;
			defaultConfigurationName = Release;
		};
		ED42614C2AB03E32003113DE /* Build configuration list for PBXNativeTarget "AppsSampleTests" */ = {
			isa = XCConfigurationList;
			buildConfigurations = (
				ED42614D2AB03E32003113DE /* Debug */,
				ED42614E2AB03E32003113DE /* Release */,
			);
			defaultConfigurationIsVisible = 0;
			defaultConfigurationName = Release;
		};
		ED42614F2AB03E32003113DE /* Build configuration list for PBXNativeTarget "AppsSampleUITests" */ = {
			isa = XCConfigurationList;
			buildConfigurations = (
				ED4261502AB03E32003113DE /* Debug */,
				ED4261512AB03E32003113DE /* Release */,
			);
			defaultConfigurationIsVisible = 0;
			defaultConfigurationName = Release;
		};
/* End XCConfigurationList section */

/* Begin XCVersionGroup section */
		ED42612D2AB03E32003113DE /* AppsSample.xcdatamodeld */ = {
			isa = XCVersionGroup;
			children = (
				ED42612E2AB03E32003113DE /* AppsSample.xcdatamodel */,
			);
			currentVersion = ED42612E2AB03E32003113DE /* AppsSample.xcdatamodel */;
			path = AppsSample.xcdatamodeld;
			sourceTree = "<group>";
			versionGroupType = wrapper.xcdatamodel;
		};
/* End XCVersionGroup section */
	};
	rootObject = ED4261172AB03E31003113DE /* Project object */;
}
